# This file may be used to create an environment using:
# $ conda create --name <env> --file <this file>
# platform: linux-64
@EXPLICIT
https://conda.anaconda.org/conda-forge/linux-64/_libgcc_mutex-0.1-conda_forge.tar.bz2
https://conda.anaconda.org/conda-forge/linux-64/arrow-cpp-proc-2.0.0-cuda.tar.bz2
https://conda.anaconda.org/conda-forge/linux-64/ca-certificates-2020.12.5-ha878542_0.tar.bz2
https://conda.anaconda.org/conda-forge/linux-64/dcw-gmt-1.1.4-1001.tar.bz2
https://conda.anaconda.org/conda-forge/linux-64/faiss-proc-1.0.0-cuda.tar.bz2
https://conda.anaconda.org/conda-forge/noarch/font-ttf-dejavu-sans-mono-2.37-hab24e00_0.tar.bz2
https://conda.anaconda.org/conda-forge/noarch/font-ttf-inconsolata-2.001-hab24e00_0.tar.bz2
https://conda.anaconda.org/conda-forge/noarch/font-ttf-source-code-pro-2.030-hab24e00_0.tar.bz2
https://conda.anaconda.org/conda-forge/noarch/font-ttf-ubuntu-0.83-hab24e00_0.tar.bz2
https://conda.anaconda.org/conda-forge/linux-64/gshhg-gmt-2.3.7-1002.tar.bz2
https://conda.anaconda.org/conda-forge/noarch/kernel-headers_linux-64-2.6.32-h77966d4_13.tar.bz2
https://conda.anaconda.org/conda-forge/linux-64/ld_impl_linux-64-2.34-hc38a660_9.tar.bz2
https://conda.anaconda.org/conda-forge/linux-64/libgcc-devel_linux-64-7.5.0-hda03d7c_18.tar.bz2
https://conda.anaconda.org/conda-forge/linux-64/libgfortran5-9.3.0-hff62375_18.tar.bz2
https://conda.anaconda.org/conda-forge/linux-64/libstdcxx-devel_linux-64-7.5.0-hb016644_18.tar.bz2
https://conda.anaconda.org/conda-forge/linux-64/libstdcxx-ng-9.3.0-h6de172a_18.tar.bz2
https://conda.anaconda.org/conda-forge/linux-64/mysql-common-8.0.21-2.tar.bz2
https://conda.anaconda.org/conda-forge/noarch/poppler-data-0.4.10-0.tar.bz2
https://conda.anaconda.org/conda-forge/noarch/fonts-conda-forge-1-0.tar.bz2
https://conda.anaconda.org/conda-forge/linux-64/libgfortran-ng-9.3.0-hff62375_18.tar.bz2
https://conda.anaconda.org/conda-forge/linux-64/libgomp-9.3.0-h2828fa1_18.tar.bz2
https://conda.anaconda.org/conda-forge/noarch/sysroot_linux-64-2.12-h77966d4_13.tar.bz2
https://conda.anaconda.org/conda-forge/linux-64/_openmp_mutex-4.5-1_gnu.tar.bz2
https://conda.anaconda.org/conda-forge/linux-64/binutils_impl_linux-64-2.34-h2122c62_9.tar.bz2
https://conda.anaconda.org/conda-forge/noarch/fonts-conda-ecosystem-1-0.tar.bz2
https://conda.anaconda.org/conda-forge/linux-64/binutils_linux-64-2.34-h47ac705_27.tar.bz2
https://conda.anaconda.org/conda-forge/linux-64/libgcc-ng-9.3.0-h2828fa1_18.tar.bz2
https://conda.anaconda.org/conda-forge/linux-64/abseil-cpp-20200923.3-h9c3ff4c_0.tar.bz2
https://conda.anaconda.org/conda-forge/linux-64/aws-c-common-0.4.65-h7f98852_0.tar.bz2
https://conda.anaconda.org/conda-forge/linux-64/brotli-1.0.9-h9c3ff4c_4.tar.bz2
https://conda.anaconda.org/conda-forge/linux-64/bzip2-1.0.8-h7f98852_4.tar.bz2
https://conda.anaconda.org/conda-forge/linux-64/c-ares-1.17.1-h36c2ea0_0.tar.bz2
https://conda.anaconda.org/conda-forge/linux-64/chrpath-0.16-h14c3975_1001.tar.bz2
https://conda.anaconda.org/conda-forge/linux-64/cudatoolkit-10.2.89-h8f6ccaa_6.tar.bz2
https://conda.anaconda.org/conda-forge/linux-64/dlpack-0.3-he1b5a44_1.tar.bz2
https://conda.anaconda.org/conda-forge/linux-64/expat-2.2.9-he1b5a44_2.tar.bz2
https://conda.anaconda.org/conda-forge/linux-64/fftw-3.3.9-nompi_h74d3f13_100.tar.bz2
https://conda.anaconda.org/conda-forge/linux-64/freexl-1.0.5-h516909a_1002.tar.bz2
https://conda.anaconda.org/conda-forge/linux-64/fribidi-1.0.10-h36c2ea0_0.tar.bz2
https://conda.anaconda.org/conda-forge/linux-64/gcc_impl_linux-64-7.5.0-habd7529_18.tar.bz2
https://conda.anaconda.org/conda-forge/linux-64/geos-3.8.1-he1b5a44_0.tar.bz2
https://conda.anaconda.org/conda-forge/linux-64/gflags-2.2.2-he1b5a44_1004.tar.bz2
https://conda.anaconda.org/conda-forge/linux-64/ghostscript-9.53.3-h58526e2_2.tar.bz2
https://conda.anaconda.org/conda-forge/linux-64/giflib-5.2.1-h36c2ea0_2.tar.bz2
https://conda.anaconda.org/conda-forge/linux-64/gmp-6.2.1-h58526e2_0.tar.bz2
https://conda.anaconda.org/conda-forge/linux-64/graphite2-1.3.13-h58526e2_1001.tar.bz2
https://conda.anaconda.org/conda-forge/linux-64/icu-67.1-he1b5a44_0.tar.bz2
https://conda.anaconda.org/conda-forge/linux-64/jpeg-9d-h36c2ea0_0.tar.bz2
https://conda.anaconda.org/conda-forge/linux-64/json-c-0.13.1-hbfbb72e_1002.tar.bz2
https://conda.anaconda.org/conda-forge/linux-64/lame-3.100-h7f98852_1001.tar.bz2
https://conda.anaconda.org/conda-forge/linux-64/libev-4.33-h516909a_1.tar.bz2
https://conda.anaconda.org/conda-forge/linux-64/libffi-3.2.1-he1b5a44_1007.tar.bz2
https://conda.anaconda.org/conda-forge/linux-64/libiconv-1.16-h516909a_0.tar.bz2
https://conda.anaconda.org/conda-forge/linux-64/libopenblas-0.3.12-pthreads_h4812303_1.tar.bz2
https://conda.anaconda.org/conda-forge/linux-64/libtool-2.4.6-h58526e2_1007.tar.bz2
https://conda.anaconda.org/conda-forge/linux-64/libutf8proc-2.6.1-h7f98852_0.tar.bz2
https://conda.anaconda.org/conda-forge/linux-64/libuuid-2.32.1-h7f98852_1000.tar.bz2
https://conda.anaconda.org/conda-forge/linux-64/libwebp-base-1.1.0-h36c2ea0_3.tar.bz2
https://conda.anaconda.org/conda-forge/linux-64/libxkbcommon-0.10.0-he1b5a44_0.tar.bz2
https://conda.anaconda.org/conda-forge/linux-64/lz4-c-1.9.3-h9c3ff4c_0.tar.bz2
https://conda.anaconda.org/conda-forge/linux-64/ncurses-6.2-h58526e2_4.tar.bz2
https://conda.anaconda.org/conda-forge/linux-64/nettle-3.6-he412f7d_0.tar.bz2
https://conda.anaconda.org/conda-forge/linux-64/nspr-4.29-h9c3ff4c_1.tar.bz2
https://conda.anaconda.org/conda-forge/linux-64/openssl-1.1.1i-h7f98852_0.tar.bz2
https://conda.anaconda.org/conda-forge/linux-64/pcre-8.44-he1b5a44_0.tar.bz2
https://conda.anaconda.org/conda-forge/linux-64/perl-5.32.0-h36c2ea0_0.tar.bz2
https://conda.anaconda.org/conda-forge/linux-64/pixman-0.40.0-h36c2ea0_0.tar.bz2
https://conda.anaconda.org/conda-forge/linux-64/pthread-stubs-0.4-h36c2ea0_1001.tar.bz2
https://conda.anaconda.org/conda-forge/linux-64/re2-2020.11.01-h58526e2_0.tar.bz2
https://conda.anaconda.org/conda-forge/linux-64/snappy-1.1.8-he1b5a44_3.tar.bz2
https://conda.anaconda.org/conda-forge/linux-64/spdlog-1.7.0-hc9558a2_2.tar.bz2
https://conda.anaconda.org/conda-forge/linux-64/tzcode-2020f-h7f98852_0.tar.bz2
https://conda.anaconda.org/conda-forge/linux-64/x264-1!161.3030-h7f98852_0.tar.bz2
https://conda.anaconda.org/conda-forge/linux-64/xorg-kbproto-1.0.7-h7f98852_1002.tar.bz2
https://conda.anaconda.org/conda-forge/linux-64/xorg-libice-1.0.10-h516909a_0.tar.bz2
https://conda.anaconda.org/conda-forge/linux-64/xorg-libxau-1.0.9-h7f98852_0.tar.bz2
https://conda.anaconda.org/conda-forge/linux-64/xorg-libxdmcp-1.1.3-h7f98852_0.tar.bz2
https://conda.anaconda.org/conda-forge/linux-64/xorg-renderproto-0.11.1-h14c3975_1002.tar.bz2
https://conda.anaconda.org/conda-forge/linux-64/xorg-xextproto-7.3.0-h7f98852_1002.tar.bz2
https://conda.anaconda.org/conda-forge/linux-64/xorg-xproto-7.0.31-h7f98852_1007.tar.bz2
https://conda.anaconda.org/conda-forge/linux-64/xz-5.2.5-h516909a_1.tar.bz2
https://conda.anaconda.org/conda-forge/linux-64/yaml-0.2.5-h516909a_0.tar.bz2
https://conda.anaconda.org/conda-forge/linux-64/zlib-1.2.11-h516909a_1010.tar.bz2
https://conda.anaconda.org/conda-forge/linux-64/aws-c-cal-0.4.5-h54aeb68_4.tar.bz2
https://conda.anaconda.org/conda-forge/linux-64/aws-checksums-0.1.10-h650c6ac_2.tar.bz2
https://conda.anaconda.org/conda-forge/linux-64/cudnn-7.6.5.32-h01f27c4_1.tar.bz2
https://conda.anaconda.org/conda-forge/linux-64/gcc_linux-64-7.5.0-hf34d7eb_27.tar.bz2
https://conda.anaconda.org/conda-forge/linux-64/gettext-0.19.8.1-hf34092f_1004.tar.bz2
https://conda.anaconda.org/conda-forge/linux-64/glog-0.4.0-h49b9bf7_3.tar.bz2
https://conda.anaconda.org/conda-forge/linux-64/gnutls-3.6.13-h85f3911_1.tar.bz2
https://conda.anaconda.org/conda-forge/linux-64/gxx_impl_linux-64-7.5.0-hd0bb8aa_18.tar.bz2
https://conda.anaconda.org/conda-forge/linux-64/hdf4-4.2.13-h10796ff_1004.tar.bz2
https://conda.anaconda.org/conda-forge/linux-64/libblas-3.9.0-7_openblas.tar.bz2
https://conda.anaconda.org/conda-forge/linux-64/libedit-3.1.20191231-he28a2e2_2.tar.bz2
https://conda.anaconda.org/conda-forge/linux-64/libevent-2.1.10-hcdb4288_3.tar.bz2
https://conda.anaconda.org/conda-forge/linux-64/libllvm10-10.0.1-he513fc3_3.tar.bz2
https://conda.anaconda.org/conda-forge/linux-64/libnghttp2-1.41.0-h8cfc5f6_2.tar.bz2
https://conda.anaconda.org/conda-forge/linux-64/libpng-1.6.37-h21135ba_2.tar.bz2
https://conda.anaconda.org/conda-forge/linux-64/libprotobuf-3.14.0-h780b84a_0.tar.bz2
https://conda.anaconda.org/rapidsai-nightly/linux-64/librmm-0.18.0a210121-cuda10.2_gce99588_23.tar.bz2
https://conda.anaconda.org/conda-forge/linux-64/libssh2-1.9.0-hab1572f_5.tar.bz2
https://conda.anaconda.org/conda-forge/linux-64/libxcb-1.13-h7f98852_1003.tar.bz2
https://conda.anaconda.org/conda-forge/linux-64/libxml2-2.9.10-h68273f3_2.tar.bz2
https://conda.anaconda.org/conda-forge/linux-64/nccl-2.8.3.1-h1a5f58c_0.tar.bz2
https://conda.anaconda.org/conda-forge/linux-64/openh264-2.1.1-h780b84a_0.tar.bz2
https://conda.anaconda.org/conda-forge/linux-64/parallel-20200522-0.tar.bz2
https://conda.anaconda.org/conda-forge/linux-64/readline-8.0-he28a2e2_2.tar.bz2
https://conda.anaconda.org/conda-forge/linux-64/s2n-0.10.24-h9b69904_0.tar.bz2
https://conda.anaconda.org/conda-forge/linux-64/tk-8.6.10-h21135ba_1.tar.bz2
https://conda.anaconda.org/rapidsai-nightly/linux-64/ucx-1.9.0+gcd9efd3-cuda10.2_0.tar.bz2
https://conda.anaconda.org/conda-forge/linux-64/xerces-c-3.2.3-hfe33f54_1.tar.bz2
https://conda.anaconda.org/conda-forge/linux-64/xorg-libsm-1.2.3-h84519dc_1000.tar.bz2
https://conda.anaconda.org/conda-forge/linux-64/zstd-1.4.8-ha95c52a_1.tar.bz2
https://conda.anaconda.org/conda-forge/linux-64/aws-c-io-0.8.0-h650c6ac_0.tar.bz2
https://conda.anaconda.org/conda-forge/linux-64/boost-cpp-1.72.0-h9359b55_3.tar.bz2
https://conda.anaconda.org/conda-forge/linux-64/freetype-2.10.4-h0708190_1.tar.bz2
https://conda.anaconda.org/conda-forge/linux-64/grpc-cpp-1.34.1-h146f9af_1.tar.bz2
https://conda.anaconda.org/conda-forge/linux-64/gxx_linux-64-7.5.0-ha781d05_27.tar.bz2
https://conda.anaconda.org/conda-forge/linux-64/krb5-1.17.2-h926e7f8_0.tar.bz2
https://conda.anaconda.org/conda-forge/linux-64/libcblas-3.9.0-7_openblas.tar.bz2
https://conda.anaconda.org/conda-forge/linux-64/libclang-10.0.1-default_hde54327_1.tar.bz2
https://conda.anaconda.org/rapidsai-nightly/linux-64/libcumlprims-0.18.0a201203-cuda10.2_gff080f3_0.tar.bz2
https://conda.anaconda.org/conda-forge/linux-64/libglib-2.66.3-hbe7bbb4_0.tar.bz2
https://conda.anaconda.org/conda-forge/linux-64/libhwloc-2.3.0-h5e5b7d1_1.tar.bz2
https://conda.anaconda.org/conda-forge/linux-64/liblapack-3.9.0-7_openblas.tar.bz2
https://conda.anaconda.org/conda-forge/linux-64/libthrift-0.13.0-h5aa387f_6.tar.bz2
https://conda.anaconda.org/conda-forge/linux-64/libtiff-4.2.0-hdc55705_0.tar.bz2
https://conda.anaconda.org/conda-forge/linux-64/mysql-libs-8.0.21-hf3661c5_2.tar.bz2
https://conda.anaconda.org/conda-forge/linux-64/orc-1.6.6-h7950760_1.tar.bz2
https://conda.anaconda.org/conda-forge/linux-64/sqlite-3.34.0-h74cdb3f_0.tar.bz2
https://conda.anaconda.org/conda-forge/linux-64/xorg-libx11-1.6.12-h516909a_0.tar.bz2
https://conda.anaconda.org/conda-forge/linux-64/atk-1.0-2.36.0-h3371d22_4.tar.bz2
https://conda.anaconda.org/conda-forge/linux-64/aws-c-event-stream-0.2.6-hbb68377_1.tar.bz2
https://conda.anaconda.org/conda-forge/linux-64/ffmpeg-4.3.1-hca11adc_2.tar.bz2
https://conda.anaconda.org/conda-forge/linux-64/fontconfig-2.13.1-hba837de_1004.tar.bz2
https://conda.anaconda.org/conda-forge/linux-64/gdk-pixbuf-2.42.2-h19a9c64_1.tar.bz2
https://conda.anaconda.org/conda-forge/linux-64/gts-0.7.6-h1fc3fae_2.tar.bz2
https://conda.anaconda.org/conda-forge/linux-64/lcms2-2.11-hcbb858e_1.tar.bz2
https://conda.anaconda.org/conda-forge/linux-64/libcurl-7.71.1-hcdd3856_8.tar.bz2
https://conda.anaconda.org/conda-forge/linux-64/libfaiss-1.6.3-he61ee18_3_cuda.tar.bz2
https://conda.anaconda.org/conda-forge/linux-64/libkml-1.3.0-hd79254b_1012.tar.bz2
https://conda.anaconda.org/conda-forge/linux-64/libpq-12.3-h255efa7_3.tar.bz2
https://conda.anaconda.org/conda-forge/linux-64/libwebp-1.1.0-h76fa15c_4.tar.bz2
https://conda.anaconda.org/conda-forge/linux-64/nss-3.60-hb5efdd6_0.tar.bz2
https://conda.anaconda.org/conda-forge/linux-64/openjpeg-2.3.1-hf7af979_3.tar.bz2
https://conda.anaconda.org/conda-forge/linux-64/python-3.8.6-h852b56e_0_cpython.tar.bz2
https://conda.anaconda.org/conda-forge/linux-64/xorg-libxext-1.3.4-h516909a_0.tar.bz2
https://conda.anaconda.org/conda-forge/linux-64/xorg-libxrender-0.9.10-h516909a_1002.tar.bz2
https://conda.anaconda.org/conda-forge/linux-64/xorg-libxt-1.1.5-h516909a_1003.tar.bz2
https://conda.anaconda.org/conda-forge/noarch/appdirs-1.4.4-pyh9f0ad1d_0.tar.bz2
https://conda.anaconda.org/conda-forge/linux-64/atk-2.36.0-ha770c72_4.tar.bz2
https://conda.anaconda.org/conda-forge/noarch/attrs-20.3.0-pyhd3deb0d_0.tar.bz2
https://conda.anaconda.org/conda-forge/linux-64/aws-sdk-cpp-1.8.127-hf85971d_0.tar.bz2
https://conda.anaconda.org/conda-forge/noarch/cachy-0.3.0-py_0.tar.bz2
https://conda.anaconda.org/conda-forge/linux-64/cairo-1.16.0-h9f066cc_1006.tar.bz2
https://conda.anaconda.org/conda-forge/linux-64/cfitsio-3.470-hb418390_7.tar.bz2
https://conda.anaconda.org/conda-forge/noarch/click-7.1.2-pyh9f0ad1d_0.tar.bz2
https://conda.anaconda.org/conda-forge/noarch/cloudpickle-1.6.0-py_0.tar.bz2
https://conda.anaconda.org/conda-forge/noarch/crashtest-0.3.0-py_0.tar.bz2
https://conda.anaconda.org/conda-forge/linux-64/curl-7.71.1-he644dc0_8.tar.bz2
https://conda.anaconda.org/conda-forge/noarch/distlib-0.3.1-pyh9f0ad1d_0.tar.bz2
https://conda.anaconda.org/conda-forge/noarch/filelock-3.0.12-pyh9f0ad1d_0.tar.bz2
https://conda.anaconda.org/conda-forge/noarch/fsspec-0.8.5-pyhd8ed1ab_0.tar.bz2
https://conda.anaconda.org/conda-forge/linux-64/glib-2.66.3-h58526e2_0.tar.bz2
https://conda.anaconda.org/conda-forge/linux-64/hdf5-1.10.6-nompi_h6a2412b_1114.tar.bz2
https://conda.anaconda.org/conda-forge/noarch/heapdict-1.0.1-py_0.tar.bz2
https://conda.anaconda.org/conda-forge/noarch/idna-2.10-pyh9f0ad1d_0.tar.bz2
https://conda.anaconda.org/conda-forge/noarch/jeepney-0.6.0-pyhd8ed1ab_0.tar.bz2
https://conda.anaconda.org/conda-forge/linux-64/libgd-2.3.0-h6e6070c_0.tar.bz2
https://conda.anaconda.org/conda-forge/noarch/locket-0.2.0-py_2.tar.bz2
https://conda.anaconda.org/conda-forge/noarch/lockfile-0.12.2-py_1.tar.bz2
https://conda.anaconda.org/conda-forge/noarch/olefile-0.46-pyh9f0ad1d_1.tar.bz2
https://conda.anaconda.org/conda-forge/noarch/pastel-0.2.0-py_0.tar.bz2
https://conda.anaconda.org/conda-forge/noarch/pkginfo-1.7.0-pyhd8ed1ab_0.tar.bz2
https://conda.anaconda.org/conda-forge/linux-64/postgresql-12.3-hc2f5b80_3.tar.bz2
https://conda.anaconda.org/conda-forge/linux-64/proj-7.1.1-h966b41f_2.tar.bz2
https://conda.anaconda.org/conda-forge/noarch/ptyprocess-0.7.0-pyhd3deb0d_0.tar.bz2
https://conda.anaconda.org/conda-forge/noarch/pycparser-2.20-pyh9f0ad1d_2.tar.bz2
https://conda.anaconda.org/conda-forge/noarch/pylev-1.3.0-py_0.tar.bz2
https://conda.anaconda.org/conda-forge/noarch/pyparsing-2.4.7-pyh9f0ad1d_0.tar.bz2
https://conda.anaconda.org/conda-forge/linux-64/python_abi-3.8-1_cp38.tar.bz2
https://conda.anaconda.org/conda-forge/noarch/pytz-2020.5-pyhd8ed1ab_0.tar.bz2
https://conda.anaconda.org/conda-forge/noarch/shellingham-1.3.2-py_0.tar.bz2
https://conda.anaconda.org/conda-forge/noarch/six-1.15.0-pyh9f0ad1d_0.tar.bz2
https://conda.anaconda.org/conda-forge/noarch/sortedcontainers-2.3.0-pyhd8ed1ab_0.tar.bz2
https://conda.anaconda.org/conda-forge/noarch/tblib-1.6.0-py_0.tar.bz2
https://conda.anaconda.org/conda-forge/noarch/toolz-0.11.1-py_0.tar.bz2
https://conda.anaconda.org/conda-forge/noarch/typing_extensions-3.7.4.3-py_0.tar.bz2
https://conda.anaconda.org/conda-forge/noarch/webencodings-0.5.1-py_1.tar.bz2
https://conda.anaconda.org/conda-forge/noarch/wheel-0.36.2-pyhd3deb0d_0.tar.bz2
https://conda.anaconda.org/conda-forge/linux-64/xorg-libxpm-3.5.13-h516909a_0.tar.bz2
https://conda.anaconda.org/conda-forge/noarch/zipp-3.4.0-py_0.tar.bz2
https://conda.anaconda.org/conda-forge/linux-64/certifi-2020.12.5-py38h578d9bd_1.tar.bz2
https://conda.anaconda.org/conda-forge/linux-64/cffi-1.14.4-py38ha312104_0.tar.bz2
https://conda.anaconda.org/conda-forge/linux-64/chardet-4.0.0-py38h578d9bd_1.tar.bz2
https://conda.anaconda.org/conda-forge/noarch/clikit-0.6.2-pyh9f0ad1d_0.tar.bz2
https://conda.anaconda.org/conda-forge/linux-64/cytoolz-0.11.0-py38h25fe258_1.tar.bz2
https://conda.anaconda.org/conda-forge/linux-64/dbus-1.13.6-hfdff14a_1.tar.bz2
https://conda.anaconda.org/conda-forge/linux-64/fastavro-1.3.0-py38h497a2fe_0.tar.bz2
https://conda.anaconda.org/conda-forge/linux-64/fastrlock-0.5-py38h709712a_2.tar.bz2
https://conda.anaconda.org/conda-forge/linux-64/geotiff-1.6.0-h5d11630_3.tar.bz2
https://conda.anaconda.org/conda-forge/linux-64/gobject-introspection-1.66.1-py38h4eacb9c_3.tar.bz2
https://conda.anaconda.org/conda-forge/linux-64/gstreamer-1.14.5-h36ae1b5_2.tar.bz2
https://conda.anaconda.org/conda-forge/linux-64/harfbuzz-2.7.2-ha5b49bf_1.tar.bz2
https://conda.anaconda.org/conda-forge/noarch/html5lib-1.1-pyh9f0ad1d_0.tar.bz2
https://conda.anaconda.org/conda-forge/noarch/importlib-metadata-1.7.0-pyhd8ed1ab_1.tar.bz2
https://conda.anaconda.org/conda-forge/linux-64/kealib-1.4.14-h0042707_0.tar.bz2
https://conda.anaconda.org/conda-forge/linux-64/libdap4-3.20.6-h1d1bd15_1.tar.bz2
https://conda.anaconda.org/conda-forge/linux-64/libnetcdf-4.7.4-nompi_h56d31a8_107.tar.bz2
https://conda.anaconda.org/conda-forge/linux-64/libspatialite-5.0.0-h4dde289_0.tar.bz2
https://conda.anaconda.org/conda-forge/linux-64/llvmlite-0.35.0-py38h4630a5e_1.tar.bz2
https://conda.anaconda.org/conda-forge/linux-64/markupsafe-1.1.1-py38h497a2fe_3.tar.bz2
https://conda.anaconda.org/conda-forge/linux-64/msgpack-python-1.0.2-py38h1fd1430_1.tar.bz2
https://conda.anaconda.org/conda-forge/linux-64/numpy-1.19.5-py38h18fd61f_1.tar.bz2
https://conda.anaconda.org/conda-forge/linux-64/nvtx-0.2.1-py38h497a2fe_2.tar.bz2
https://conda.anaconda.org/conda-forge/noarch/packaging-20.8-pyhd3deb0d_0.tar.bz2
https://conda.anaconda.org/conda-forge/noarch/partd-1.1.0-py_0.tar.bz2
https://conda.anaconda.org/conda-forge/noarch/pexpect-4.8.0-pyh9f0ad1d_2.tar.bz2
https://conda.anaconda.org/conda-forge/linux-64/pillow-8.1.0-py38h357d4e7_1.tar.bz2
https://conda.anaconda.org/conda-forge/linux-64/poppler-0.89.0-h669c267_1.tar.bz2
https://conda.anaconda.org/conda-forge/linux-64/psutil-5.8.0-py38h497a2fe_1.tar.bz2
https://conda.anaconda.org/conda-forge/linux-64/pyrsistent-0.14.11-py38h497a2fe_2.tar.bz2
https://conda.anaconda.org/conda-forge/linux-64/pysocks-1.7.1-py38h578d9bd_3.tar.bz2
https://conda.anaconda.org/conda-forge/noarch/python-dateutil-2.8.1-py_0.tar.bz2
https://conda.anaconda.org/conda-forge/linux-64/pyyaml-5.4.1-py38h497a2fe_0.tar.bz2
https://conda.anaconda.org/conda-forge/linux-64/tiledb-2.1.6-h91fcb0e_1.tar.bz2
https://conda.anaconda.org/conda-forge/linux-64/tomlkit-0.7.0-py38h578d9bd_2.tar.bz2
https://conda.anaconda.org/conda-forge/linux-64/tornado-6.1-py38h497a2fe_1.tar.bz2
https://conda.anaconda.org/conda-forge/linux-64/virtualenv-20.4.0-py38h578d9bd_0.tar.bz2
https://conda.anaconda.org/conda-forge/noarch/zict-2.0.0-py_0.tar.bz2
https://conda.anaconda.org/conda-forge/linux-64/arrow-cpp-1.0.1-py38ha45f3c2_23_cuda.tar.bz2
https://conda.anaconda.org/conda-forge/linux-64/brotlipy-0.7.0-py38h497a2fe_1001.tar.bz2
https://conda.anaconda.org/conda-forge/noarch/cleo-0.8.1-pyh9f0ad1d_1.tar.bz2
https://conda.anaconda.org/conda-forge/linux-64/cryptography-3.3.1-py38h2b97feb_1.tar.bz2
https://conda.anaconda.org/conda-forge/noarch/dask-core-2021.1.0-pyhd8ed1ab_0.tar.bz2
https://conda.anaconda.org/conda-forge/linux-64/gst-plugins-base-1.14.5-h0935bb2_2.tar.bz2
https://conda.anaconda.org/conda-forge/noarch/importlib_metadata-1.7.0-hd8ed1ab_1.tar.bz2
https://conda.anaconda.org/conda-forge/linux-64/libgdal-3.1.4-h670eac6_0.tar.bz2
https://conda.anaconda.org/conda-forge/linux-64/pandas-1.1.5-py38h51da96c_0.tar.bz2
https://conda.anaconda.org/conda-forge/linux-64/pango-1.42.4-h69149e4_5.tar.bz2
https://conda.anaconda.org/conda-forge/linux-64/scipy-1.6.0-py38hb2138dd_0.tar.bz2
https://conda.anaconda.org/conda-forge/linux-64/setuptools-49.6.0-py38h578d9bd_3.tar.bz2
https://conda.anaconda.org/rapidsai-nightly/linux-64/ucx-py-0.18.0a210121-py38_gcd9efd3_10.tar.bz2
https://conda.anaconda.org/conda-forge/linux-64/cupy-8.3.0-py38h6a768f2_1.tar.bz2
https://conda.anaconda.org/conda-forge/linux-64/distributed-2021.1.0-py38h578d9bd_1.tar.bz2
https://conda.anaconda.org/conda-forge/linux-64/gdal-3.1.4-py38h9edfc58_0.tar.bz2
https://conda.anaconda.org/conda-forge/linux-64/gtk2-2.24.32-hfcb1518_4.tar.bz2
https://conda.anaconda.org/conda-forge/noarch/jinja2-2.11.2-pyh9f0ad1d_0.tar.bz2
https://conda.anaconda.org/conda-forge/noarch/joblib-1.0.0-pyhd8ed1ab_0.tar.bz2
https://conda.anaconda.org/conda-forge/noarch/jsonschema-3.2.0-py_2.tar.bz2
https://conda.anaconda.org/rapidsai-nightly/linux-64/libcudf-0.18.0a210121-cuda10.2_g4c6a57c8ee_190.tar.bz2
https://conda.anaconda.org/conda-forge/linux-64/numba-0.52.0-py38h51da96c_0.tar.bz2
https://conda.anaconda.org/conda-forge/noarch/parquet-cpp-1.5.1-2.tar.bz2
https://conda.anaconda.org/conda-forge/noarch/pip-20.3.1-pyhd8ed1ab_0.tar.bz2
https://conda.anaconda.org/conda-forge/noarch/poetry-core-1.0.0-pyh9f0ad1d_0.tar.bz2
https://conda.anaconda.org/conda-forge/linux-64/protobuf-3.14.0-py38h709712a_1.tar.bz2
https://conda.anaconda.org/conda-forge/noarch/pyopenssl-20.0.1-pyhd8ed1ab_0.tar.bz2
https://conda.anaconda.org/conda-forge/linux-64/qt-5.12.9-h1f2b2cb_0.tar.bz2
https://conda.anaconda.org/conda-forge/linux-64/secretstorage-3.3.0-py38h578d9bd_0.tar.bz2
https://conda.anaconda.org/conda-forge/linux-64/treelite-1.0.0rc1-py38hc9ad5e7_1.tar.bz2
# no URL for: treelite_runtime-1.0.0rc1-py3.8.egg-info
https://conda.anaconda.org/conda-forge/linux-64/bokeh-2.2.3-py38h578d9bd_0.tar.bz2
https://conda.anaconda.org/conda-forge/linux-64/gnuplot-5.4.1-ha2fd436_0.tar.bz2
https://conda.anaconda.org/conda-forge/linux-64/graphviz-2.42.3-h6939c30_2.tar.bz2
https://conda.anaconda.org/conda-forge/linux-64/keyring-21.2.1-py38h578d9bd_0.tar.bz2
https://conda.anaconda.org/rapidsai-nightly/linux-64/libcuspatial-0.18.0a210121-cuda10.2_g871c991_20.tar.bz2
https://conda.anaconda.org/conda-forge/linux-64/pyarrow-1.0.1-py38hf66eee4_23_cuda.tar.bz2
https://conda.anaconda.org/rapidsai-nightly/linux-64/rmm-0.18.0a210121-cuda_10.2_py38_gce99588_23.tar.bz2
https://conda.anaconda.org/conda-forge/noarch/urllib3-1.26.2-pyhd8ed1ab_0.tar.bz2
https://conda.anaconda.org/rapidsai-nightly/linux-64/cudf-0.18.0a210121-cuda_10.2_py38_g4111cb798b_189.tar.bz2
https://conda.anaconda.org/conda-forge/noarch/dask-2021.1.0-pyhd8ed1ab_0.tar.bz2
https://conda.anaconda.org/conda-forge/linux-64/graphicsmagick-1.3.35-h2852e03_2.tar.bz2
https://conda.anaconda.org/conda-forge/noarch/requests-2.25.1-pyhd3deb0d_0.tar.bz2
https://conda.anaconda.org/conda-forge/noarch/cachecontrol-0.12.6-py_0.tar.bz2
https://conda.anaconda.org/rapidsai-nightly/linux-64/cuspatial-0.18.0a210120-py38_g871c991_20.tar.bz2
https://conda.anaconda.org/rapidsai-nightly/linux-64/dask-cudf-0.18.0a210121-py38_g4111cb798b_189.tar.bz2
https://conda.anaconda.org/conda-forge/label/dev/linux-64/gmt-6.2.0.dev6+98bb060-hb015352_0.tar.bz2
https://conda.anaconda.org/rapidsai-nightly/linux-64/libcuml-0.18.0a210120-cuda10.2_g816bb6506_79.tar.bz2
https://conda.anaconda.org/conda-forge/noarch/requests-toolbelt-0.9.1-py_0.tar.bz2
https://conda.anaconda.org/rapidsai-nightly/linux-64/cuml-0.18.0a210120-cuda10.2_py38_g816bb6506_79.tar.bz2
https://conda.anaconda.org/conda-forge/linux-64/poetry-1.1.4-py38h32f6830_0.tar.bz2
