# This file may be used to create an environment using:
# $ conda create --name <env> --file <this file>
# platform: linux-64
@EXPLICIT
https://conda.anaconda.org/conda-forge/linux-64/_libgcc_mutex-0.1-conda_forge.tar.bz2
https://conda.anaconda.org/conda-forge/linux-64/ca-certificates-2022.9.24-ha878542_0.tar.bz2
https://conda.anaconda.org/conda-forge/linux-64/dcw-gmt-2.1.1-ha770c72_0.tar.bz2
https://conda.anaconda.org/conda-forge/linux-64/faiss-proc-1.0.0-cuda.tar.bz2
https://conda.anaconda.org/conda-forge/noarch/font-ttf-dejavu-sans-mono-2.37-hab24e00_0.tar.bz2
https://conda.anaconda.org/conda-forge/noarch/font-ttf-inconsolata-3.000-h77eed37_0.tar.bz2
https://conda.anaconda.org/conda-forge/noarch/font-ttf-source-code-pro-2.038-h77eed37_0.tar.bz2
https://conda.anaconda.org/conda-forge/noarch/font-ttf-ubuntu-0.83-hab24e00_0.tar.bz2
https://conda.anaconda.org/conda-forge/linux-64/gshhg-gmt-2.3.7-ha770c72_1003.tar.bz2
https://conda.anaconda.org/conda-forge/noarch/kernel-headers_linux-64-2.6.32-he073ed8_15.tar.bz2
https://conda.anaconda.org/conda-forge/linux-64/ld_impl_linux-64-2.39-hc81fddc_0.tar.bz2
https://conda.anaconda.org/nvidia/linux-64/libcusolver-11.4.1.48-0.tar.bz2
https://conda.anaconda.org/nvidia/linux-64/libcusparse-11.7.5.86-0.tar.bz2
https://conda.anaconda.org/conda-forge/linux-64/libgcc-devel_linux-64-11.3.0-h210ce93_18.tar.bz2
https://conda.anaconda.org/conda-forge/linux-64/libgfortran5-12.2.0-h337968e_18.tar.bz2
https://conda.anaconda.org/conda-forge/linux-64/libstdcxx-devel_linux-64-11.3.0-h210ce93_18.tar.bz2
https://conda.anaconda.org/conda-forge/linux-64/libstdcxx-ng-12.2.0-h46fd767_18.tar.bz2
https://conda.anaconda.org/conda-forge/noarch/poppler-data-0.4.11-hd8ed1ab_0.tar.bz2
https://conda.anaconda.org/conda-forge/noarch/tzdata-2022e-h191b570_0.tar.bz2
https://conda.anaconda.org/conda-forge/linux-64/ucx-proc-1.0.0-gpu.tar.bz2
https://conda.anaconda.org/conda-forge/noarch/fonts-conda-forge-1-0.tar.bz2
https://conda.anaconda.org/conda-forge/linux-64/libgfortran-ng-12.2.0-h69a702a_18.tar.bz2
https://conda.anaconda.org/conda-forge/linux-64/libgomp-12.2.0-h65d4601_18.tar.bz2
https://conda.anaconda.org/conda-forge/noarch/sysroot_linux-64-2.12-he073ed8_15.tar.bz2
https://conda.anaconda.org/conda-forge/linux-64/_openmp_mutex-4.5-2_gnu.tar.bz2
https://conda.anaconda.org/conda-forge/linux-64/binutils_impl_linux-64-2.39-h6ceecb4_0.tar.bz2
https://conda.anaconda.org/conda-forge/noarch/fonts-conda-ecosystem-1-0.tar.bz2
https://conda.anaconda.org/conda-forge/linux-64/binutils_linux-64-2.39-h5fc0e48_11.tar.bz2
https://conda.anaconda.org/conda-forge/linux-64/libgcc-ng-12.2.0-h65d4601_18.tar.bz2
https://conda.anaconda.org/conda-forge/linux-64/aws-c-common-0.6.2-h7f98852_0.tar.bz2
https://conda.anaconda.org/conda-forge/linux-64/bzip2-1.0.8-h7f98852_4.tar.bz2
https://conda.anaconda.org/conda-forge/linux-64/c-ares-1.18.1-h7f98852_0.tar.bz2
https://conda.anaconda.org/conda-forge/linux-64/cudatoolkit-11.7.0-hd8887f6_10.tar.bz2
https://conda.anaconda.org/conda-forge/linux-64/dlpack-0.5-h9c3ff4c_0.tar.bz2
https://conda.anaconda.org/conda-forge/linux-64/expat-2.4.9-h27087fc_0.tar.bz2
https://conda.anaconda.org/conda-forge/linux-64/fftw-3.3.10-nompi_hf0379b8_105.tar.bz2
https://conda.anaconda.org/conda-forge/linux-64/freexl-1.0.6-h166bdaf_1.tar.bz2
https://conda.anaconda.org/conda-forge/linux-64/fribidi-1.0.10-h36c2ea0_0.tar.bz2
https://conda.anaconda.org/conda-forge/linux-64/geos-3.11.0-h27087fc_0.tar.bz2
https://conda.anaconda.org/conda-forge/linux-64/gettext-0.21.1-h27087fc_0.tar.bz2
https://conda.anaconda.org/conda-forge/linux-64/gflags-2.2.2-he1b5a44_1004.tar.bz2
https://conda.anaconda.org/conda-forge/linux-64/ghostscript-9.54.0-h27087fc_2.tar.bz2
https://conda.anaconda.org/conda-forge/linux-64/giflib-5.2.1-h36c2ea0_2.tar.bz2
https://conda.anaconda.org/conda-forge/linux-64/graphite2-1.3.13-h58526e2_1001.tar.bz2
https://conda.anaconda.org/conda-forge/linux-64/icu-70.1-h27087fc_0.tar.bz2
https://conda.anaconda.org/conda-forge/linux-64/jpeg-9e-h166bdaf_2.tar.bz2
https://conda.anaconda.org/conda-forge/linux-64/json-c-0.16-hc379101_0.tar.bz2
https://conda.anaconda.org/conda-forge/linux-64/keyutils-1.6.1-h166bdaf_0.tar.bz2
https://conda.anaconda.org/conda-forge/linux-64/lerc-4.0.0-h27087fc_0.tar.bz2
https://conda.anaconda.org/conda-forge/linux-64/libabseil-20220623.0-cxx17_h48a1fff_4.tar.bz2
https://conda.anaconda.org/conda-forge/linux-64/libbrotlicommon-1.0.9-h166bdaf_7.tar.bz2
https://conda.anaconda.org/conda-forge/linux-64/libcrc32c-1.1.2-h9c3ff4c_0.tar.bz2
https://conda.anaconda.org/conda-forge/linux-64/libdeflate-1.14-h166bdaf_0.tar.bz2
https://conda.anaconda.org/conda-forge/linux-64/libev-4.33-h516909a_1.tar.bz2
https://conda.anaconda.org/conda-forge/linux-64/libffi-3.4.2-h7f98852_5.tar.bz2
https://conda.anaconda.org/conda-forge/linux-64/libiconv-1.17-h166bdaf_0.tar.bz2
https://conda.anaconda.org/conda-forge/linux-64/libnsl-2.0.0-h7f98852_0.tar.bz2
https://conda.anaconda.org/conda-forge/linux-64/libopenblas-0.3.21-pthreads_h78a6416_3.tar.bz2
https://conda.anaconda.org/conda-forge/linux-64/libsanitizer-11.3.0-h239ccf8_18.tar.bz2
https://conda.anaconda.org/conda-forge/linux-64/libspatialindex-1.9.3-h9c3ff4c_4.tar.bz2
https://conda.anaconda.org/conda-forge/linux-64/libtool-2.4.6-h9c3ff4c_1008.tar.bz2
https://conda.anaconda.org/conda-forge/linux-64/libutf8proc-2.7.0-h7f98852_0.tar.bz2
https://conda.anaconda.org/conda-forge/linux-64/libuuid-2.32.1-h7f98852_1000.tar.bz2
https://conda.anaconda.org/conda-forge/linux-64/libwebp-base-1.2.4-h166bdaf_0.tar.bz2
https://conda.anaconda.org/conda-forge/linux-64/libzlib-1.2.13-h166bdaf_4.tar.bz2
https://conda.anaconda.org/conda-forge/linux-64/lz4-c-1.9.3-h9c3ff4c_1.tar.bz2
https://conda.anaconda.org/conda-forge/linux-64/ncurses-6.3-h27087fc_1.tar.bz2
https://conda.anaconda.org/conda-forge/linux-64/nspr-4.32-h9c3ff4c_1.tar.bz2
https://conda.anaconda.org/conda-forge/linux-64/openssl-1.1.1q-h166bdaf_0.tar.bz2
https://conda.anaconda.org/conda-forge/linux-64/pcre-8.45-h9c3ff4c_0.tar.bz2
https://conda.anaconda.org/conda-forge/linux-64/pixman-0.40.0-h36c2ea0_0.tar.bz2
https://conda.anaconda.org/conda-forge/linux-64/pthread-stubs-0.4-h36c2ea0_1001.tar.bz2
https://conda.anaconda.org/conda-forge/linux-64/re2-2022.06.01-h27087fc_0.tar.bz2
https://conda.anaconda.org/conda-forge/linux-64/snappy-1.1.9-hbd366e4_1.tar.bz2
https://conda.anaconda.org/conda-forge/linux-64/spdlog-1.8.5-h4bd325d_1.tar.bz2
https://conda.anaconda.org/conda-forge/linux-64/tzcode-2022e-h166bdaf_0.tar.bz2
https://conda.anaconda.org/conda-forge/linux-64/xorg-kbproto-1.0.7-h7f98852_1002.tar.bz2
https://conda.anaconda.org/conda-forge/linux-64/xorg-libice-1.0.10-h7f98852_0.tar.bz2
https://conda.anaconda.org/conda-forge/linux-64/xorg-libxau-1.0.9-h7f98852_0.tar.bz2
https://conda.anaconda.org/conda-forge/linux-64/xorg-libxdmcp-1.1.3-h7f98852_0.tar.bz2
https://conda.anaconda.org/conda-forge/linux-64/xorg-renderproto-0.11.1-h7f98852_1002.tar.bz2
https://conda.anaconda.org/conda-forge/linux-64/xorg-xextproto-7.3.0-h7f98852_1002.tar.bz2
https://conda.anaconda.org/conda-forge/linux-64/xorg-xproto-7.0.31-h7f98852_1007.tar.bz2
https://conda.anaconda.org/conda-forge/linux-64/xz-5.2.6-h166bdaf_0.tar.bz2
https://conda.anaconda.org/conda-forge/linux-64/yaml-0.2.5-h7f98852_2.tar.bz2
https://conda.anaconda.org/conda-forge/linux-64/aws-c-cal-0.5.11-h95a6274_0.tar.bz2
https://conda.anaconda.org/conda-forge/linux-64/aws-checksums-0.1.11-ha31a3da_7.tar.bz2
https://conda.anaconda.org/conda-forge/linux-64/gcc_impl_linux-64-11.3.0-hab1b70f_18.tar.bz2
https://conda.anaconda.org/conda-forge/linux-64/glog-0.6.0-h6f12383_0.tar.bz2
https://conda.anaconda.org/conda-forge/linux-64/hdf4-4.2.15-h9772cbc_4.tar.bz2
https://conda.anaconda.org/conda-forge/linux-64/libblas-3.9.0-16_linux64_openblas.tar.bz2
https://conda.anaconda.org/conda-forge/linux-64/libbrotlidec-1.0.9-h166bdaf_7.tar.bz2
https://conda.anaconda.org/conda-forge/linux-64/libbrotlienc-1.0.9-h166bdaf_7.tar.bz2
https://conda.anaconda.org/conda-forge/linux-64/libedit-3.1.20191231-he28a2e2_2.tar.bz2
https://conda.anaconda.org/conda-forge/linux-64/libevent-2.1.10-h9b69904_4.tar.bz2
https://conda.anaconda.org/conda-forge/linux-64/libllvm11-11.1.0-he0ac6c6_4.tar.bz2
https://conda.anaconda.org/conda-forge/linux-64/libnghttp2-1.47.0-hdcd2b5c_1.tar.bz2
https://conda.anaconda.org/conda-forge/linux-64/libpng-1.6.38-h753d276_0.tar.bz2
https://conda.anaconda.org/conda-forge/linux-64/libprotobuf-3.20.1-h6239696_4.tar.bz2
https://conda.anaconda.org/rapidsai/linux-64/librmm-22.10.00-cuda11_g9d5a8c37_0.tar.bz2
https://conda.anaconda.org/conda-forge/linux-64/librttopo-1.1.0-hf730bdb_11.tar.bz2
https://conda.anaconda.org/conda-forge/linux-64/libsqlite-3.39.4-h753d276_0.tar.bz2
https://conda.anaconda.org/conda-forge/linux-64/libssh2-1.10.0-haa6b8db_3.tar.bz2
https://conda.anaconda.org/conda-forge/linux-64/libxcb-1.13-h7f98852_1004.tar.bz2
https://conda.anaconda.org/conda-forge/linux-64/libxml2-2.10.3-h7463322_0.tar.bz2
https://conda.anaconda.org/conda-forge/linux-64/libzip-1.9.2-hc869a4a_1.tar.bz2
https://conda.anaconda.org/conda-forge/linux-64/nccl-2.14.3.1-h0800d71_0.tar.bz2
https://conda.anaconda.org/conda-forge/linux-64/pcre2-10.37-hc3806b6_1.tar.bz2
https://conda.anaconda.org/conda-forge/linux-64/perl-5.32.1-2_h7f98852_perl5.tar.bz2
https://conda.anaconda.org/conda-forge/linux-64/readline-8.1.2-h0f457ee_0.tar.bz2
https://conda.anaconda.org/conda-forge/linux-64/s2n-1.0.10-h9b69904_0.tar.bz2
https://conda.anaconda.org/conda-forge/linux-64/tk-8.6.12-h27826a3_0.tar.bz2
https://conda.anaconda.org/conda-forge/linux-64/ucx-1.13.1-h538f049_0.tar.bz2
https://conda.anaconda.org/conda-forge/linux-64/xerces-c-3.2.3-h55805fa_5.tar.bz2
https://conda.anaconda.org/conda-forge/linux-64/xorg-libsm-1.2.3-hd9c2040_1000.tar.bz2
https://conda.anaconda.org/conda-forge/linux-64/zlib-1.2.13-h166bdaf_4.tar.bz2
https://conda.anaconda.org/conda-forge/linux-64/zstd-1.5.2-h6239696_4.tar.bz2
https://conda.anaconda.org/conda-forge/linux-64/aws-c-io-0.10.5-hfb6a706_0.tar.bz2
https://conda.anaconda.org/conda-forge/linux-64/blosc-1.21.1-h83bc5f7_3.tar.bz2
https://conda.anaconda.org/conda-forge/linux-64/boost-cpp-1.78.0-h75c5d50_1.tar.bz2
https://conda.anaconda.org/conda-forge/linux-64/brotli-bin-1.0.9-h166bdaf_7.tar.bz2
https://conda.anaconda.org/conda-forge/linux-64/freetype-2.12.1-hca18f0e_0.tar.bz2
https://conda.anaconda.org/conda-forge/linux-64/gcc_linux-64-11.3.0-he6f903b_11.tar.bz2
https://conda.anaconda.org/conda-forge/linux-64/grpc-cpp-1.47.1-hbad87ad_6.tar.bz2
https://conda.anaconda.org/conda-forge/linux-64/gxx_impl_linux-64-11.3.0-hab1b70f_18.tar.bz2
https://conda.anaconda.org/conda-forge/linux-64/krb5-1.19.3-h3790be6_0.tar.bz2
https://conda.anaconda.org/conda-forge/linux-64/libcblas-3.9.0-16_linux64_openblas.tar.bz2
https://conda.anaconda.org/nvidia/linux-64/libcumlprims-22.10.00-cuda11_gfdb85e0_0.tar.bz2
https://conda.anaconda.org/conda-forge/linux-64/libglib-2.74.0-h7a41b64_0.tar.bz2
https://conda.anaconda.org/conda-forge/linux-64/liblapack-3.9.0-16_linux64_openblas.tar.bz2
https://conda.anaconda.org/conda-forge/linux-64/libthrift-0.16.0-h491838f_2.tar.bz2
https://conda.anaconda.org/conda-forge/linux-64/libtiff-4.4.0-h55922b4_4.tar.bz2
https://conda.anaconda.org/conda-forge/linux-64/orc-1.7.6-h6c59b99_0.tar.bz2
https://conda.anaconda.org/conda-forge/linux-64/parallel-20210822-ha770c72_0.tar.bz2
https://conda.anaconda.org/conda-forge/linux-64/sqlite-3.39.4-h4ff8645_0.tar.bz2
https://conda.anaconda.org/conda-forge/linux-64/xorg-libx11-1.7.2-h7f98852_0.tar.bz2
https://conda.anaconda.org/conda-forge/linux-64/atk-1.0-2.36.0-h3371d22_4.tar.bz2
https://conda.anaconda.org/conda-forge/linux-64/aws-c-event-stream-0.2.7-h3541f99_13.tar.bz2
https://conda.anaconda.org/conda-forge/linux-64/brotli-1.0.9-h166bdaf_7.tar.bz2
https://conda.anaconda.org/conda-forge/linux-64/dbus-1.13.6-h5008d03_3.tar.bz2
https://conda.anaconda.org/conda-forge/linux-64/fontconfig-2.14.0-hc2a2eb6_1.tar.bz2
https://conda.anaconda.org/conda-forge/linux-64/gdk-pixbuf-2.42.8-hff1cb4f_1.tar.bz2
https://conda.anaconda.org/conda-forge/linux-64/gts-0.7.6-h64030ff_2.tar.bz2
https://conda.anaconda.org/conda-forge/linux-64/gxx_linux-64-11.3.0-hc203a17_11.tar.bz2
https://conda.anaconda.org/conda-forge/linux-64/lcms2-2.12-hddcbb42_0.tar.bz2
https://conda.anaconda.org/conda-forge/linux-64/libcurl-7.85.0-h7bff187_0.tar.bz2
https://conda.anaconda.org/conda-forge/linux-64/libfaiss-1.7.0-cuda112h5bea7ad_8_cuda.tar.bz2
https://conda.anaconda.org/conda-forge/linux-64/libkml-1.3.0-h37653c0_1015.tar.bz2
https://conda.anaconda.org/conda-forge/linux-64/libpq-14.5-hd77ab85_0.tar.bz2
https://conda.anaconda.org/conda-forge/linux-64/libwebp-1.2.4-h522a892_0.tar.bz2
https://conda.anaconda.org/conda-forge/linux-64/nss-3.78-h2350873_0.tar.bz2
https://conda.anaconda.org/conda-forge/linux-64/openjpeg-2.5.0-h7d73246_1.tar.bz2
https://conda.anaconda.org/conda-forge/linux-64/python-3.8.12-ha38a3c6_3_cpython.tar.bz2
https://conda.anaconda.org/conda-forge/linux-64/xorg-libxext-1.3.4-h7f98852_1.tar.bz2
https://conda.anaconda.org/conda-forge/linux-64/xorg-libxrender-0.9.10-h7f98852_1003.tar.bz2
https://conda.anaconda.org/conda-forge/noarch/attrs-22.1.0-pyh71513ae_1.tar.bz2
https://conda.anaconda.org/conda-forge/linux-64/aws-sdk-cpp-1.8.186-hb4091e7_3.tar.bz2
https://conda.anaconda.org/conda-forge/noarch/cachetools-5.2.0-pyhd8ed1ab_0.tar.bz2
https://conda.anaconda.org/conda-forge/noarch/cachy-0.3.0-pyhd8ed1ab_1.tar.bz2
https://conda.anaconda.org/conda-forge/linux-64/cairo-1.16.0-ha61ee94_1014.tar.bz2
https://conda.anaconda.org/conda-forge/noarch/certifi-2022.9.24-pyhd8ed1ab_0.tar.bz2
https://conda.anaconda.org/conda-forge/linux-64/cfitsio-4.1.0-hd9d235c_0.tar.bz2
https://conda.anaconda.org/conda-forge/noarch/charset-normalizer-2.1.1-pyhd8ed1ab_0.tar.bz2
https://conda.anaconda.org/conda-forge/noarch/cloudpickle-2.2.0-pyhd8ed1ab_0.tar.bz2
https://conda.anaconda.org/conda-forge/noarch/crashtest-0.3.1-pyhd8ed1ab_0.tar.bz2
https://conda.anaconda.org/conda-forge/linux-64/curl-7.85.0-h7bff187_0.tar.bz2
https://conda.anaconda.org/conda-forge/noarch/cycler-0.11.0-pyhd8ed1ab_0.tar.bz2
https://conda.anaconda.org/conda-forge/noarch/distlib-0.3.5-pyhd8ed1ab_0.tar.bz2
https://conda.anaconda.org/conda-forge/noarch/filelock-3.8.0-pyhd8ed1ab_0.tar.bz2
https://conda.anaconda.org/conda-forge/noarch/fsspec-2022.8.2-pyhd8ed1ab_0.tar.bz2
https://conda.anaconda.org/conda-forge/linux-64/hdf5-1.12.2-nompi_h2386368_100.tar.bz2
https://conda.anaconda.org/conda-forge/noarch/heapdict-1.0.1-py_0.tar.bz2
https://conda.anaconda.org/conda-forge/noarch/idna-3.4-pyhd8ed1ab_0.tar.bz2
https://conda.anaconda.org/conda-forge/noarch/jeepney-0.8.0-pyhd8ed1ab_0.tar.bz2
https://conda.anaconda.org/conda-forge/linux-64/libgd-2.3.3-h18fbbfe_3.tar.bz2
https://conda.anaconda.org/conda-forge/linux-64/libgoogle-cloud-2.1.0-h9ebe8e8_2.tar.bz2
https://conda.anaconda.org/conda-forge/noarch/locket-1.0.0-pyhd8ed1ab_0.tar.bz2
https://conda.anaconda.org/conda-forge/noarch/lockfile-0.12.2-py_1.tar.bz2
https://conda.anaconda.org/conda-forge/noarch/more-itertools-8.14.0-pyhd8ed1ab_0.tar.bz2
https://conda.anaconda.org/conda-forge/noarch/munkres-1.1.4-pyh9f0ad1d_0.tar.bz2
https://conda.anaconda.org/conda-forge/noarch/networkx-2.8.7-pyhd8ed1ab_0.tar.bz2
https://conda.anaconda.org/conda-forge/noarch/pkginfo-1.8.3-pyhd8ed1ab_0.tar.bz2
https://conda.anaconda.org/conda-forge/noarch/pkgutil-resolve-name-1.3.10-pyhd8ed1ab_0.tar.bz2
https://conda.anaconda.org/conda-forge/noarch/platformdirs-2.5.2-pyhd8ed1ab_1.tar.bz2
https://conda.anaconda.org/conda-forge/linux-64/postgresql-14.5-hfdbbde3_0.tar.bz2
https://conda.anaconda.org/conda-forge/linux-64/proj-9.0.1-h93bde94_1.tar.bz2
https://conda.anaconda.org/conda-forge/noarch/ptyprocess-0.7.0-pyhd3deb0d_0.tar.bz2
https://conda.anaconda.org/conda-forge/noarch/pycparser-2.21-pyhd8ed1ab_0.tar.bz2
https://conda.anaconda.org/conda-forge/noarch/pylev-1.4.0-pyhd8ed1ab_0.tar.bz2
https://conda.anaconda.org/conda-forge/noarch/pynvml-11.4.1-pyhd8ed1ab_0.tar.bz2
https://conda.anaconda.org/conda-forge/noarch/pyparsing-3.0.9-pyhd8ed1ab_0.tar.bz2
https://conda.anaconda.org/conda-forge/noarch/pysocks-1.7.1-pyha2e5f31_6.tar.bz2
https://conda.anaconda.org/conda-forge/linux-64/python_abi-3.8-2_cp38.tar.bz2
https://conda.anaconda.org/conda-forge/noarch/pytz-2022.4-pyhd8ed1ab_0.tar.bz2
https://conda.anaconda.org/conda-forge/noarch/setuptools-65.5.0-pyhd8ed1ab_0.tar.bz2
https://conda.anaconda.org/conda-forge/noarch/shellingham-1.5.0-pyhd8ed1ab_0.tar.bz2
https://conda.anaconda.org/conda-forge/noarch/six-1.16.0-pyh6c4a22f_0.tar.bz2
https://conda.anaconda.org/conda-forge/noarch/sortedcontainers-2.4.0-pyhd8ed1ab_0.tar.bz2
https://conda.anaconda.org/conda-forge/noarch/tblib-1.7.0-pyhd8ed1ab_0.tar.bz2
https://conda.anaconda.org/conda-forge/noarch/threadpoolctl-3.1.0-pyh8a188c0_0.tar.bz2
https://conda.anaconda.org/conda-forge/noarch/toolz-0.12.0-pyhd8ed1ab_0.tar.bz2
https://conda.anaconda.org/conda-forge/noarch/typing-3.10.0.0-pyhd8ed1ab_0.tar.bz2
https://conda.anaconda.org/conda-forge/noarch/typing_extensions-4.4.0-pyha770c72_0.tar.bz2
https://conda.anaconda.org/conda-forge/noarch/webencodings-0.5.1-py_1.tar.bz2
https://conda.anaconda.org/conda-forge/noarch/wheel-0.37.1-pyhd8ed1ab_0.tar.bz2
https://conda.anaconda.org/conda-forge/noarch/xyzservices-2022.9.0-pyhd8ed1ab_0.tar.bz2
https://conda.anaconda.org/conda-forge/noarch/zipp-3.9.0-pyhd8ed1ab_0.tar.bz2
https://conda.anaconda.org/conda-forge/linux-64/cffi-1.15.1-py38h4a40e3a_0.tar.bz2
https://conda.anaconda.org/conda-forge/label/cleo_dev/noarch/cleo-1.0.0a5-pyh7f68eee_0.tar.bz2
https://conda.anaconda.org/conda-forge/linux-64/click-8.1.3-py38h578d9bd_0.tar.bz2
https://conda.anaconda.org/conda-forge/linux-64/cuda-python-11.7.0-py38hfa26641_0.tar.bz2
https://conda.anaconda.org/conda-forge/linux-64/cytoolz-0.12.0-py38h0a891b7_0.tar.bz2
https://conda.anaconda.org/conda-forge/linux-64/fastavro-1.6.1-py38h0a891b7_0.tar.bz2
https://conda.anaconda.org/conda-forge/linux-64/fastrlock-0.8-py38hfa26641_2.tar.bz2
https://conda.anaconda.org/conda-forge/linux-64/geotiff-1.7.1-h4fc65e6_3.tar.bz2
https://conda.anaconda.org/conda-forge/linux-64/harfbuzz-5.3.0-h418a68e_0.tar.bz2
https://conda.anaconda.org/conda-forge/noarch/html5lib-1.1-pyh9f0ad1d_0.tar.bz2
https://conda.anaconda.org/conda-forge/linux-64/importlib-metadata-4.11.4-py38h578d9bd_0.tar.bz2
https://conda.anaconda.org/conda-forge/noarch/importlib_resources-5.10.0-pyhd8ed1ab_0.tar.bz2
https://conda.anaconda.org/conda-forge/noarch/jaraco.classes-3.2.2-pyhd8ed1ab_0.tar.bz2
https://conda.anaconda.org/conda-forge/noarch/joblib-1.2.0-pyhd8ed1ab_0.tar.bz2
https://conda.anaconda.org/conda-forge/linux-64/kealib-1.4.15-ha7026e8_1.tar.bz2
https://conda.anaconda.org/conda-forge/linux-64/kiwisolver-1.4.4-py38h43d8883_0.tar.bz2
https://conda.anaconda.org/conda-forge/linux-64/libdap4-3.20.6-hd7c4107_2.tar.bz2
https://conda.anaconda.org/conda-forge/linux-64/libnetcdf-4.8.1-nompi_h21705cb_104.tar.bz2
https://conda.anaconda.org/conda-forge/linux-64/libspatialite-5.0.1-hd36657c_19.tar.bz2
https://conda.anaconda.org/conda-forge/linux-64/llvmlite-0.39.1-py38h38d86a4_0.tar.bz2
https://conda.anaconda.org/conda-forge/linux-64/lz4-4.0.0-py38h1bf946c_2.tar.bz2
https://conda.anaconda.org/conda-forge/linux-64/markupsafe-2.1.1-py38h0a891b7_1.tar.bz2
https://conda.anaconda.org/conda-forge/linux-64/msgpack-python-1.0.4-py38h43d8883_0.tar.bz2
https://conda.anaconda.org/conda-forge/noarch/munch-2.5.0-py_0.tar.bz2
https://conda.anaconda.org/conda-forge/linux-64/numpy-1.23.3-py38h3a7f9d9_0.tar.bz2
https://conda.anaconda.org/conda-forge/linux-64/nvtx-0.2.3-py38h497a2fe_1.tar.bz2
https://conda.anaconda.org/conda-forge/noarch/packaging-21.3-pyhd8ed1ab_0.tar.bz2
https://conda.anaconda.org/conda-forge/noarch/partd-1.3.0-pyhd8ed1ab_0.tar.bz2
https://conda.anaconda.org/conda-forge/noarch/pexpect-4.8.0-pyh9f0ad1d_2.tar.bz2
https://conda.anaconda.org/conda-forge/linux-64/pillow-9.2.0-py38ha3b2c9c_2.tar.bz2
https://conda.anaconda.org/conda-forge/noarch/pip-22.3-pyhd8ed1ab_0.tar.bz2
https://conda.anaconda.org/conda-forge/linux-64/poppler-22.04.0-h0733791_3.tar.bz2
https://conda.anaconda.org/conda-forge/linux-64/protobuf-3.20.1-py38hfa26641_0.tar.bz2
https://conda.anaconda.org/conda-forge/linux-64/psutil-5.9.2-py38h0a891b7_0.tar.bz2
https://conda.anaconda.org/conda-forge/linux-64/ptxcompiler-0.6.1-py38h7525318_0.tar.bz2
https://conda.anaconda.org/conda-forge/linux-64/pyproj-3.4.0-py38he1635e7_0.tar.bz2
https://conda.anaconda.org/conda-forge/linux-64/pyrsistent-0.18.1-py38h0a891b7_1.tar.bz2
https://conda.anaconda.org/conda-forge/noarch/python-dateutil-2.8.2-pyhd8ed1ab_0.tar.bz2
https://conda.anaconda.org/conda-forge/linux-64/pyyaml-6.0-py38h0a891b7_4.tar.bz2
https://conda.anaconda.org/conda-forge/linux-64/rtree-1.0.1-py38h02d302b_0.tar.bz2
https://conda.anaconda.org/conda-forge/linux-64/tiledb-2.11.3-h1e4a385_0.tar.bz2
https://conda.anaconda.org/conda-forge/noarch/tomlkit-0.11.5-pyha770c72_0.tar.bz2
https://conda.anaconda.org/conda-forge/linux-64/tornado-6.1-py38h0a891b7_3.tar.bz2
https://conda.anaconda.org/conda-forge/linux-64/unicodedata2-14.0.0-py38h0a891b7_1.tar.bz2
https://conda.anaconda.org/conda-forge/linux-64/virtualenv-20.16.5-py38h578d9bd_0.tar.bz2
https://conda.anaconda.org/conda-forge/noarch/zict-2.2.0-pyhd8ed1ab_0.tar.bz2
https://conda.anaconda.org/conda-forge/linux-64/arrow-cpp-9.0.0-py38he270906_2_cpu.tar.bz2
https://conda.anaconda.org/conda-forge/linux-64/brotlipy-0.7.0-py38h0a891b7_1004.tar.bz2
https://conda.anaconda.org/conda-forge/noarch/click-plugins-1.1.1-py_0.tar.bz2
https://conda.anaconda.org/conda-forge/noarch/cligj-0.7.2-pyhd8ed1ab_1.tar.bz2
https://conda.anaconda.org/conda-forge/linux-64/contourpy-1.0.5-py38h43d8883_0.tar.bz2
https://conda.anaconda.org/conda-forge/linux-64/cryptography-38.0.2-py38h2b5fc30_0.tar.bz2
https://conda.anaconda.org/rapidsai/linux-64/cubinlinker-0.2.0-py38h7144610_1.tar.bz2
https://conda.anaconda.org/conda-forge/linux-64/cupy-11.2.0-py38h405e1b6_0.tar.bz2
https://conda.anaconda.org/conda-forge/noarch/dask-core-2022.9.2-pyhd8ed1ab_0.tar.bz2
https://conda.anaconda.org/conda-forge/linux-64/fonttools-4.37.4-py38h0a891b7_0.tar.bz2
https://conda.anaconda.org/conda-forge/noarch/importlib_metadata-4.11.4-hd8ed1ab_0.tar.bz2
https://conda.anaconda.org/conda-forge/noarch/jinja2-3.1.2-pyhd8ed1ab_1.tar.bz2
https://conda.anaconda.org/conda-forge/noarch/jsonschema-4.16.0-pyhd8ed1ab_0.tar.bz2
https://conda.anaconda.org/conda-forge/linux-64/libgdal-3.5.2-hc23bfc3_1.tar.bz2
https://conda.anaconda.org/conda-forge/linux-64/numba-0.56.3-py38h9a4aae9_0.tar.bz2
https://conda.anaconda.org/conda-forge/linux-64/pandas-1.5.0-py38h8f669ce_0.tar.bz2
https://conda.anaconda.org/conda-forge/linux-64/pango-1.50.11-h382ae3d_0.tar.bz2
https://conda.anaconda.org/conda-forge/noarch/poetry-core-1.3.2-pyhd8ed1ab_0.tar.bz2
https://conda.anaconda.org/conda-forge/linux-64/scipy-1.9.1-py38hea3f02b_0.tar.bz2
https://conda.anaconda.org/conda-forge/linux-64/shapely-1.8.5-py38hc9bb657_0.tar.bz2
https://conda.anaconda.org/rapidsai/linux-64/ucx-py-0.28.00-py38_g8292636_0.tar.bz2
https://conda.anaconda.org/conda-forge/noarch/bokeh-2.4.3-pyhd8ed1ab_3.tar.bz2
https://conda.anaconda.org/conda-forge/noarch/branca-0.5.0-pyhd8ed1ab_0.tar.bz2
https://conda.anaconda.org/conda-forge/linux-64/gdal-3.5.2-py38h1f15b03_1.tar.bz2
https://conda.anaconda.org/conda-forge/noarch/geopandas-base-0.11.1-pyha770c72_0.tar.bz2
https://conda.anaconda.org/conda-forge/linux-64/gtk2-2.24.33-h90689f9_2.tar.bz2
https://conda.anaconda.org/rapidsai/linux-64/libcudf-22.10.00-cuda11_g8ffe375d85_0.tar.bz2
https://conda.anaconda.org/rapidsai/linux-64/libraft-headers-22.10.00-cuda11_g31ae597_0.tar.bz2
https://conda.anaconda.org/conda-forge/linux-64/librsvg-2.54.4-h7abd40a_0.tar.bz2
https://conda.anaconda.org/conda-forge/linux-64/matplotlib-base-3.6.1-py38hb021067_0.tar.bz2
https://conda.anaconda.org/conda-forge/noarch/parquet-cpp-1.5.1-2.tar.bz2
https://conda.anaconda.org/conda-forge/noarch/pyopenssl-22.1.0-pyhd8ed1ab_0.tar.bz2
https://conda.anaconda.org/rapidsai/linux-64/rmm-22.10.00-cuda11_py38_g9d5a8c37_0.tar.bz2
https://conda.anaconda.org/conda-forge/linux-64/scikit-learn-1.1.2-py38h0b08f9b_0.tar.bz2
https://conda.anaconda.org/conda-forge/linux-64/secretstorage-3.3.3-py38h578d9bd_0.tar.bz2
https://conda.anaconda.org/conda-forge/linux-64/treelite-3.0.0-py38h2820b77_0.tar.bz2
https://conda.anaconda.org/conda-forge/linux-64/fiona-1.8.22-py38hc72d8cd_0.tar.bz2
https://conda.anaconda.org/conda-forge/linux-64/gmt-6.4.0-h78e8b95_2.tar.bz2
https://conda.anaconda.org/conda-forge/linux-64/graphviz-2.49.1-h85b4f2f_0.tar.bz2
https://conda.anaconda.org/conda-forge/linux-64/keyring-23.9.3-py38h578d9bd_0.tar.bz2
https://conda.anaconda.org/rapidsai/linux-64/libcuspatial-22.10.00-cuda11_g4e13a37_0.tar.bz2
https://conda.anaconda.org/rapidsai/linux-64/libraft-distance-22.10.00-cuda11_g31ae597_0.tar.bz2
https://conda.anaconda.org/rapidsai/linux-64/libraft-nn-22.10.00-cuda11_g31ae597_0.tar.bz2
https://conda.anaconda.org/conda-forge/noarch/mapclassify-2.4.3-pyhd8ed1ab_0.tar.bz2
https://conda.anaconda.org/conda-forge/linux-64/pyarrow-9.0.0-py38h097c49a_2_cpu.tar.bz2
https://conda.anaconda.org/conda-forge/noarch/urllib3-1.26.11-pyhd8ed1ab_0.tar.bz2
https://conda.anaconda.org/rapidsai/linux-64/cudf-22.10.00-cuda_11_py38_g8ffe375d85_0.tar.bz2
https://conda.anaconda.org/conda-forge/noarch/distributed-2022.9.2-pyhd8ed1ab_0.tar.bz2
https://conda.anaconda.org/conda-forge/linux-64/dulwich-0.20.46-py38h0a891b7_0.tar.bz2
https://conda.anaconda.org/rapidsai/linux-64/pylibraft-22.10.00-cuda11_py38_g31ae597_0.tar.bz2
https://conda.anaconda.org/conda-forge/noarch/requests-2.28.1-pyhd8ed1ab_1.tar.bz2
https://conda.anaconda.org/conda-forge/noarch/cachecontrol-0.12.11-pyhd8ed1ab_0.tar.bz2
https://conda.anaconda.org/conda-forge/noarch/dask-2022.9.2-pyhd8ed1ab_0.tar.bz2
https://conda.anaconda.org/conda-forge/noarch/folium-0.13.0-pyhd8ed1ab_0.tar.bz2
https://conda.anaconda.org/rapidsai/linux-64/libcuml-22.10.00-cuda11_g963d46299_0.tar.bz2
https://conda.anaconda.org/conda-forge/noarch/requests-toolbelt-0.9.1-py_0.tar.bz2
https://conda.anaconda.org/rapidsai/linux-64/dask-cuda-22.10.00-py38_g382e519_0.tar.bz2
https://conda.anaconda.org/rapidsai/linux-64/dask-cudf-22.10.00-cuda_11_py38_g8ffe375d85_0.tar.bz2
https://conda.anaconda.org/conda-forge/noarch/geopandas-0.11.1-pyhd8ed1ab_0.tar.bz2
https://conda.anaconda.org/conda-forge/label/poetry_dev/linux-64/poetry-1.2.0rc2-py38hd3a41f1_1.tar.bz2
https://conda.anaconda.org/rapidsai/linux-64/cuspatial-22.10.00-py38_g4e13a37_0.tar.bz2
https://conda.anaconda.org/rapidsai/linux-64/raft-dask-22.10.00-cuda11_py38_g31ae597_0.tar.bz2
https://conda.anaconda.org/rapidsai/linux-64/cuml-22.10.00-cuda11_py38_g963d46299_0.tar.bz2
