# This file may be used to create an environment using:
# $ conda create --name <env> --file <this file>
# platform: linux-64
@EXPLICIT
https://conda.anaconda.org/conda-forge/linux-64/_libgcc_mutex-0.1-conda_forge.tar.bz2
https://conda.anaconda.org/conda-forge/linux-64/arrow-cpp-proc-3.0.0-cuda.tar.bz2
https://conda.anaconda.org/conda-forge/linux-64/ca-certificates-2021.5.30-ha878542_0.tar.bz2
https://conda.anaconda.org/conda-forge/linux-64/dcw-gmt-1.1.4-ha770c72_1001.tar.bz2
https://conda.anaconda.org/conda-forge/linux-64/faiss-proc-1.0.0-cuda.tar.bz2
https://conda.anaconda.org/conda-forge/noarch/font-ttf-dejavu-sans-mono-2.37-hab24e00_0.tar.bz2
https://conda.anaconda.org/conda-forge/noarch/font-ttf-inconsolata-3.000-h77eed37_0.tar.bz2
https://conda.anaconda.org/conda-forge/noarch/font-ttf-source-code-pro-2.038-h77eed37_0.tar.bz2
https://conda.anaconda.org/conda-forge/noarch/font-ttf-ubuntu-0.83-hab24e00_0.tar.bz2
https://conda.anaconda.org/conda-forge/linux-64/gshhg-gmt-2.3.7-ha770c72_1003.tar.bz2
https://conda.anaconda.org/conda-forge/noarch/kernel-headers_linux-64-2.6.32-h77966d4_13.tar.bz2
https://conda.anaconda.org/conda-forge/linux-64/ld_impl_linux-64-2.35.1-hea4e1c9_2.tar.bz2
https://conda.anaconda.org/conda-forge/linux-64/libgcc-devel_linux-64-9.3.0-h7864c58_19.tar.bz2
https://conda.anaconda.org/conda-forge/linux-64/libgfortran5-9.3.0-hff62375_19.tar.bz2
https://conda.anaconda.org/conda-forge/linux-64/libstdcxx-devel_linux-64-9.3.0-hb016644_19.tar.bz2
https://conda.anaconda.org/conda-forge/linux-64/libstdcxx-ng-9.3.0-h6de172a_19.tar.bz2
https://conda.anaconda.org/conda-forge/linux-64/mysql-common-8.0.25-ha770c72_0.tar.bz2
https://conda.anaconda.org/conda-forge/noarch/poppler-data-0.4.10-0.tar.bz2
https://conda.anaconda.org/conda-forge/linux-64/thrust-1.11.0-ha770c72_1.tar.bz2
https://conda.anaconda.org/conda-forge/noarch/tzdata-2021a-he74cb21_0.tar.bz2
https://conda.anaconda.org/conda-forge/linux-64/ucx-proc-1.0.0-gpu.tar.bz2
https://conda.anaconda.org/conda-forge/noarch/fonts-conda-forge-1-0.tar.bz2
https://conda.anaconda.org/conda-forge/linux-64/libgfortran-ng-9.3.0-hff62375_19.tar.bz2
https://conda.anaconda.org/conda-forge/linux-64/libgomp-9.3.0-h2828fa1_19.tar.bz2
https://conda.anaconda.org/conda-forge/noarch/sysroot_linux-64-2.12-h77966d4_13.tar.bz2
https://conda.anaconda.org/conda-forge/linux-64/_openmp_mutex-4.5-1_gnu.tar.bz2
https://conda.anaconda.org/conda-forge/linux-64/binutils_impl_linux-64-2.35.1-h193b22a_2.tar.bz2
https://conda.anaconda.org/conda-forge/noarch/fonts-conda-ecosystem-1-0.tar.bz2
https://conda.anaconda.org/conda-forge/linux-64/binutils_linux-64-2.35-h67ddf6f_30.tar.bz2
https://conda.anaconda.org/conda-forge/linux-64/libgcc-ng-9.3.0-h2828fa1_19.tar.bz2
https://conda.anaconda.org/conda-forge/linux-64/abseil-cpp-20210324.1-h9c3ff4c_0.tar.bz2
https://conda.anaconda.org/conda-forge/linux-64/alsa-lib-1.2.3-h516909a_0.tar.bz2
https://conda.anaconda.org/conda-forge/linux-64/aws-c-common-0.6.2-h7f98852_0.tar.bz2
https://conda.anaconda.org/conda-forge/linux-64/brotli-1.0.9-h9c3ff4c_4.tar.bz2
https://conda.anaconda.org/conda-forge/linux-64/bzip2-1.0.8-h7f98852_4.tar.bz2
https://conda.anaconda.org/conda-forge/linux-64/c-ares-1.17.1-h7f98852_1.tar.bz2
https://conda.anaconda.org/conda-forge/linux-64/chrpath-0.16-h7f98852_1002.tar.bz2
https://conda.anaconda.org/nvidia/linux-64/cudatoolkit-11.2.72-h2bc3f7f_0.tar.bz2
https://conda.anaconda.org/conda-forge/linux-64/dlpack-0.5-h9c3ff4c_0.tar.bz2
https://conda.anaconda.org/conda-forge/linux-64/expat-2.4.1-h9c3ff4c_0.tar.bz2
https://conda.anaconda.org/conda-forge/linux-64/fftw-3.3.9-nompi_h74d3f13_101.tar.bz2
https://conda.anaconda.org/conda-forge/linux-64/freexl-1.0.6-h7f98852_0.tar.bz2
https://conda.anaconda.org/conda-forge/linux-64/fribidi-1.0.10-h36c2ea0_0.tar.bz2
https://conda.anaconda.org/conda-forge/linux-64/gcc_impl_linux-64-9.3.0-h70c0ae5_19.tar.bz2
https://conda.anaconda.org/conda-forge/linux-64/geos-3.9.1-h9c3ff4c_2.tar.bz2
https://conda.anaconda.org/conda-forge/linux-64/gflags-2.2.2-he1b5a44_1004.tar.bz2
https://conda.anaconda.org/conda-forge/linux-64/ghostscript-9.54.0-h9c3ff4c_1.tar.bz2
https://conda.anaconda.org/conda-forge/linux-64/giflib-5.2.1-h36c2ea0_2.tar.bz2
https://conda.anaconda.org/conda-forge/linux-64/gmp-6.2.1-h58526e2_0.tar.bz2
https://conda.anaconda.org/conda-forge/linux-64/graphite2-1.3.13-h58526e2_1001.tar.bz2
https://conda.anaconda.org/conda-forge/linux-64/icu-68.1-h58526e2_0.tar.bz2
https://conda.anaconda.org/conda-forge/linux-64/jpeg-9d-h36c2ea0_0.tar.bz2
https://conda.anaconda.org/conda-forge/linux-64/json-c-0.15-h98cffda_0.tar.bz2
https://conda.anaconda.org/conda-forge/linux-64/lame-3.100-h7f98852_1001.tar.bz2
https://conda.anaconda.org/conda-forge/linux-64/libev-4.33-h516909a_1.tar.bz2
https://conda.anaconda.org/conda-forge/linux-64/libffi-3.3-h58526e2_2.tar.bz2
https://conda.anaconda.org/conda-forge/linux-64/libiconv-1.16-h516909a_0.tar.bz2
https://conda.anaconda.org/conda-forge/linux-64/libogg-1.3.4-h7f98852_1.tar.bz2
https://conda.anaconda.org/conda-forge/linux-64/libopenblas-0.3.15-pthreads_h8fe5266_1.tar.bz2
https://conda.anaconda.org/conda-forge/linux-64/libopus-1.3.1-h7f98852_1.tar.bz2
https://conda.anaconda.org/conda-forge/linux-64/libspatialindex-1.9.3-h9c3ff4c_3.tar.bz2
https://conda.anaconda.org/conda-forge/linux-64/libtool-2.4.6-h58526e2_1007.tar.bz2
https://conda.anaconda.org/conda-forge/linux-64/libutf8proc-2.6.1-h7f98852_0.tar.bz2
https://conda.anaconda.org/conda-forge/linux-64/libuuid-2.32.1-h7f98852_1000.tar.bz2
https://conda.anaconda.org/conda-forge/linux-64/libwebp-base-1.2.0-h7f98852_2.tar.bz2
https://conda.anaconda.org/conda-forge/linux-64/lz4-c-1.9.3-h9c3ff4c_0.tar.bz2
https://conda.anaconda.org/conda-forge/linux-64/ncurses-6.2-h58526e2_4.tar.bz2
https://conda.anaconda.org/conda-forge/linux-64/nettle-3.6-he412f7d_0.tar.bz2
https://conda.anaconda.org/conda-forge/linux-64/nspr-4.30-h9c3ff4c_0.tar.bz2
https://conda.anaconda.org/conda-forge/linux-64/openssl-1.1.1k-h7f98852_0.tar.bz2
https://conda.anaconda.org/conda-forge/linux-64/pcre-8.45-h9c3ff4c_0.tar.bz2
https://conda.anaconda.org/conda-forge/linux-64/perl-5.32.1-0_h7f98852_perl5.tar.bz2
https://conda.anaconda.org/conda-forge/linux-64/pixman-0.40.0-h36c2ea0_0.tar.bz2
https://conda.anaconda.org/conda-forge/linux-64/pthread-stubs-0.4-h36c2ea0_1001.tar.bz2
https://conda.anaconda.org/conda-forge/linux-64/re2-2021.04.01-h9c3ff4c_0.tar.bz2
https://conda.anaconda.org/conda-forge/linux-64/snappy-1.1.8-he1b5a44_3.tar.bz2
https://conda.anaconda.org/conda-forge/linux-64/spdlog-1.8.5-h4bd325d_0.tar.bz2
https://conda.anaconda.org/conda-forge/linux-64/tzcode-2021a-h7f98852_1.tar.bz2
https://conda.anaconda.org/conda-forge/linux-64/x264-1!161.3030-h7f98852_1.tar.bz2
https://conda.anaconda.org/conda-forge/linux-64/xorg-kbproto-1.0.7-h7f98852_1002.tar.bz2
https://conda.anaconda.org/conda-forge/linux-64/xorg-libice-1.0.10-h7f98852_0.tar.bz2
https://conda.anaconda.org/conda-forge/linux-64/xorg-libxau-1.0.9-h7f98852_0.tar.bz2
https://conda.anaconda.org/conda-forge/linux-64/xorg-libxdmcp-1.1.3-h7f98852_0.tar.bz2
https://conda.anaconda.org/conda-forge/linux-64/xorg-renderproto-0.11.1-h7f98852_1002.tar.bz2
https://conda.anaconda.org/conda-forge/linux-64/xorg-xextproto-7.3.0-h7f98852_1002.tar.bz2
https://conda.anaconda.org/conda-forge/linux-64/xorg-xproto-7.0.31-h7f98852_1007.tar.bz2
https://conda.anaconda.org/conda-forge/linux-64/xz-5.2.5-h516909a_1.tar.bz2
https://conda.anaconda.org/conda-forge/linux-64/yaml-0.2.5-h516909a_0.tar.bz2
https://conda.anaconda.org/conda-forge/linux-64/zlib-1.2.11-h516909a_1010.tar.bz2
https://conda.anaconda.org/conda-forge/linux-64/aws-c-cal-0.5.11-h95a6274_0.tar.bz2
https://conda.anaconda.org/conda-forge/linux-64/aws-checksums-0.1.11-ha31a3da_7.tar.bz2
https://conda.anaconda.org/conda-forge/linux-64/gcc_linux-64-9.3.0-hf25ea35_30.tar.bz2
https://conda.anaconda.org/conda-forge/linux-64/gettext-0.19.8.1-h0b5b191_1005.tar.bz2
https://conda.anaconda.org/conda-forge/linux-64/glog-0.5.0-h48cff8f_0.tar.bz2
https://conda.anaconda.org/conda-forge/linux-64/gnutls-3.6.13-h85f3911_1.tar.bz2
https://conda.anaconda.org/conda-forge/linux-64/gxx_impl_linux-64-9.3.0-hd87eabc_19.tar.bz2
https://conda.anaconda.org/conda-forge/linux-64/hdf4-4.2.15-h10796ff_3.tar.bz2
https://conda.anaconda.org/conda-forge/linux-64/libblas-3.9.0-9_openblas.tar.bz2
https://conda.anaconda.org/conda-forge/linux-64/libedit-3.1.20191231-he28a2e2_2.tar.bz2
https://conda.anaconda.org/conda-forge/linux-64/libevent-2.1.10-hcdb4288_3.tar.bz2
https://conda.anaconda.org/conda-forge/linux-64/libllvm10-10.0.1-he513fc3_3.tar.bz2
https://conda.anaconda.org/conda-forge/linux-64/libllvm11-11.1.0-hf817b99_2.tar.bz2
https://conda.anaconda.org/conda-forge/linux-64/libnghttp2-1.43.0-h812cca2_0.tar.bz2
https://conda.anaconda.org/conda-forge/linux-64/libpng-1.6.37-h21135ba_2.tar.bz2
https://conda.anaconda.org/conda-forge/linux-64/libprotobuf-3.16.0-h780b84a_0.tar.bz2
https://conda.anaconda.org/conda-forge/linux-64/librmm-21.06.00-hdc17891_0.tar.bz2
https://conda.anaconda.org/conda-forge/linux-64/librttopo-1.1.0-h1185371_6.tar.bz2
https://conda.anaconda.org/conda-forge/linux-64/libssh2-1.9.0-ha56f1ee_6.tar.bz2
https://conda.anaconda.org/conda-forge/linux-64/libvorbis-1.3.7-h9c3ff4c_0.tar.bz2
https://conda.anaconda.org/conda-forge/linux-64/libxcb-1.13-h7f98852_1003.tar.bz2
https://conda.anaconda.org/conda-forge/linux-64/libxml2-2.9.12-h72842e0_0.tar.bz2
https://conda.anaconda.org/conda-forge/linux-64/nccl-2.9.9.1-hdc17891_0.tar.bz2
https://conda.anaconda.org/conda-forge/linux-64/openh264-2.1.1-h780b84a_0.tar.bz2
https://conda.anaconda.org/conda-forge/linux-64/parallel-20210422-ha770c72_0.tar.bz2
https://conda.anaconda.org/conda-forge/linux-64/readline-8.1-h46c0cb4_0.tar.bz2
https://conda.anaconda.org/conda-forge/linux-64/s2n-1.0.10-h9b69904_0.tar.bz2
https://conda.anaconda.org/conda-forge/linux-64/tk-8.6.10-h21135ba_1.tar.bz2
https://conda.anaconda.org/rapidsai/linux-64/ucx-1.9.0+gcd9efd3-cuda11.2_0.tar.bz2
https://conda.anaconda.org/conda-forge/linux-64/xerces-c-3.2.3-h9d8b166_2.tar.bz2
https://conda.anaconda.org/conda-forge/linux-64/xorg-libsm-1.2.3-hd9c2040_1000.tar.bz2
https://conda.anaconda.org/conda-forge/linux-64/zstd-1.4.9-ha95c52a_0.tar.bz2
https://conda.anaconda.org/conda-forge/linux-64/aws-c-io-0.10.5-hfb6a706_0.tar.bz2
https://conda.anaconda.org/conda-forge/linux-64/boost-cpp-1.74.0-hc6e9bd1_3.tar.bz2
https://conda.anaconda.org/conda-forge/linux-64/freetype-2.10.4-h0708190_1.tar.bz2
https://conda.anaconda.org/conda-forge/linux-64/grpc-cpp-1.38.0-h2519f57_0.tar.bz2
https://conda.anaconda.org/conda-forge/linux-64/gxx_linux-64-9.3.0-h3fbe746_30.tar.bz2
https://conda.anaconda.org/conda-forge/linux-64/krb5-1.19.1-hcc1bbae_0.tar.bz2
https://conda.anaconda.org/conda-forge/linux-64/libcblas-3.9.0-9_openblas.tar.bz2
https://conda.anaconda.org/conda-forge/linux-64/libclang-11.1.0-default_ha53f305_1.tar.bz2
https://conda.anaconda.org/nvidia/linux-64/libcumlprims-21.06.00-cuda11.2_gfda2e6c_0.tar.bz2
https://conda.anaconda.org/conda-forge/linux-64/libglib-2.68.3-h3e27bee_0.tar.bz2
https://conda.anaconda.org/conda-forge/linux-64/libhwloc-2.3.0-h5e5b7d1_1.tar.bz2
https://conda.anaconda.org/conda-forge/linux-64/liblapack-3.9.0-9_openblas.tar.bz2
https://conda.anaconda.org/conda-forge/linux-64/libthrift-0.14.1-he6d91bd_2.tar.bz2
https://conda.anaconda.org/conda-forge/linux-64/libtiff-4.2.0-hbd63e13_2.tar.bz2
https://conda.anaconda.org/conda-forge/linux-64/libxkbcommon-1.0.3-he3ba5ed_0.tar.bz2
https://conda.anaconda.org/conda-forge/linux-64/mysql-libs-8.0.25-h935591d_0.tar.bz2
https://conda.anaconda.org/conda-forge/linux-64/orc-1.6.7-h89a63ab_2.tar.bz2
https://conda.anaconda.org/conda-forge/linux-64/sqlite-3.36.0-h9cd32fc_0.tar.bz2
https://conda.anaconda.org/conda-forge/linux-64/tiledb-2.2.9-h91fcb0e_0.tar.bz2
https://conda.anaconda.org/conda-forge/linux-64/xorg-libx11-1.7.2-h7f98852_0.tar.bz2
https://conda.anaconda.org/conda-forge/linux-64/atk-1.0-2.36.0-h3371d22_4.tar.bz2
https://conda.anaconda.org/conda-forge/linux-64/aws-c-event-stream-0.2.7-h3541f99_13.tar.bz2
https://conda.anaconda.org/conda-forge/linux-64/ffmpeg-4.3.1-hca11adc_2.tar.bz2
https://conda.anaconda.org/conda-forge/linux-64/fontconfig-2.13.1-hba837de_1005.tar.bz2
https://conda.anaconda.org/conda-forge/linux-64/gdk-pixbuf-2.42.6-h04a7f16_0.tar.bz2
https://conda.anaconda.org/conda-forge/linux-64/glib-tools-2.68.3-h9c3ff4c_0.tar.bz2
https://conda.anaconda.org/conda-forge/linux-64/gstreamer-1.18.4-h76c114f_2.tar.bz2
https://conda.anaconda.org/conda-forge/linux-64/gts-0.7.6-h64030ff_2.tar.bz2
https://conda.anaconda.org/conda-forge/linux-64/lcms2-2.12-hddcbb42_0.tar.bz2
https://conda.anaconda.org/conda-forge/linux-64/libcurl-7.77.0-h2574ce0_0.tar.bz2
https://conda.anaconda.org/conda-forge/linux-64/libfaiss-1.7.0-cuda112h5bea7ad_8_cuda.tar.bz2
https://conda.anaconda.org/conda-forge/linux-64/libkml-1.3.0-h238a007_1013.tar.bz2
https://conda.anaconda.org/conda-forge/linux-64/libpq-13.3-hd57d9b9_0.tar.bz2
https://conda.anaconda.org/conda-forge/linux-64/libwebp-1.2.0-h3452ae3_0.tar.bz2
https://conda.anaconda.org/conda-forge/linux-64/nss-3.67-hb5efdd6_0.tar.bz2
https://conda.anaconda.org/conda-forge/linux-64/openjpeg-2.4.0-hb52868f_1.tar.bz2
https://conda.anaconda.org/conda-forge/linux-64/python-3.8.10-h49503c6_1_cpython.tar.bz2
https://conda.anaconda.org/conda-forge/linux-64/xorg-libxext-1.3.4-h7f98852_1.tar.bz2
https://conda.anaconda.org/conda-forge/linux-64/xorg-libxrender-0.9.10-h7f98852_1003.tar.bz2
https://conda.anaconda.org/conda-forge/linux-64/xorg-libxt-1.2.1-h7f98852_2.tar.bz2
https://conda.anaconda.org/conda-forge/noarch/appdirs-1.4.4-pyh9f0ad1d_0.tar.bz2
https://conda.anaconda.org/conda-forge/noarch/attrs-21.2.0-pyhd8ed1ab_0.tar.bz2
https://conda.anaconda.org/conda-forge/linux-64/aws-sdk-cpp-1.8.186-hb4091e7_3.tar.bz2
https://conda.anaconda.org/conda-forge/noarch/cachetools-4.2.2-pyhd8ed1ab_0.tar.bz2
https://conda.anaconda.org/conda-forge/noarch/cachy-0.3.0-py_0.tar.bz2
https://conda.anaconda.org/conda-forge/linux-64/cairo-1.16.0-h6cf1ce9_1008.tar.bz2
https://conda.anaconda.org/conda-forge/linux-64/cfitsio-3.470-hb418390_7.tar.bz2
https://conda.anaconda.org/conda-forge/noarch/click-7.1.2-pyh9f0ad1d_0.tar.bz2
https://conda.anaconda.org/conda-forge/noarch/cloudpickle-1.6.0-py_0.tar.bz2
https://conda.anaconda.org/conda-forge/noarch/crashtest-0.3.0-py_0.tar.bz2
https://conda.anaconda.org/conda-forge/linux-64/curl-7.77.0-hea6ffbf_0.tar.bz2
https://conda.anaconda.org/conda-forge/noarch/distlib-0.3.2-pyhd8ed1ab_0.tar.bz2
https://conda.anaconda.org/conda-forge/noarch/filelock-3.0.12-pyh9f0ad1d_0.tar.bz2
https://conda.anaconda.org/conda-forge/noarch/fsspec-2021.6.0-pyhd8ed1ab_0.tar.bz2
https://conda.anaconda.org/conda-forge/linux-64/glib-2.68.3-h9c3ff4c_0.tar.bz2
https://conda.anaconda.org/conda-forge/linux-64/gst-plugins-base-1.18.4-hf529b03_2.tar.bz2
https://conda.anaconda.org/conda-forge/linux-64/hdf5-1.10.6-nompi_h6a2412b_1114.tar.bz2
https://conda.anaconda.org/conda-forge/noarch/heapdict-1.0.1-py_0.tar.bz2
https://conda.anaconda.org/conda-forge/noarch/idna-2.10-pyh9f0ad1d_0.tar.bz2
https://conda.anaconda.org/conda-forge/noarch/jeepney-0.6.0-pyhd8ed1ab_0.tar.bz2
https://conda.anaconda.org/conda-forge/linux-64/libgd-2.3.2-h78a0170_0.tar.bz2
https://conda.anaconda.org/conda-forge/noarch/locket-0.2.0-py_2.tar.bz2
https://conda.anaconda.org/conda-forge/noarch/lockfile-0.12.2-py_1.tar.bz2
https://conda.anaconda.org/conda-forge/noarch/olefile-0.46-pyh9f0ad1d_1.tar.bz2
https://conda.anaconda.org/conda-forge/noarch/pastel-0.2.0-py_0.tar.bz2
https://conda.anaconda.org/conda-forge/noarch/pkginfo-1.7.0-pyhd8ed1ab_0.tar.bz2
https://conda.anaconda.org/conda-forge/linux-64/postgresql-13.3-h2510834_0.tar.bz2
https://conda.anaconda.org/conda-forge/linux-64/proj-8.0.0-h277dcde_0.tar.bz2
https://conda.anaconda.org/conda-forge/noarch/ptyprocess-0.7.0-pyhd3deb0d_0.tar.bz2
https://conda.anaconda.org/conda-forge/noarch/pycparser-2.20-pyh9f0ad1d_2.tar.bz2
https://conda.anaconda.org/conda-forge/noarch/pylev-1.3.0-py_0.tar.bz2
https://conda.anaconda.org/conda-forge/noarch/pyparsing-2.4.7-pyh9f0ad1d_0.tar.bz2
https://conda.anaconda.org/conda-forge/linux-64/python_abi-3.8-1_cp38.tar.bz2
https://conda.anaconda.org/conda-forge/noarch/pytz-2021.1-pyhd8ed1ab_0.tar.bz2
https://conda.anaconda.org/conda-forge/noarch/shellingham-1.4.0-pyh44b312d_0.tar.bz2
https://conda.anaconda.org/conda-forge/noarch/six-1.16.0-pyh6c4a22f_0.tar.bz2
https://conda.anaconda.org/conda-forge/noarch/sortedcontainers-2.4.0-pyhd8ed1ab_0.tar.bz2
https://conda.anaconda.org/conda-forge/noarch/tblib-1.7.0-pyhd8ed1ab_0.tar.bz2
https://conda.anaconda.org/conda-forge/noarch/toolz-0.11.1-py_0.tar.bz2
https://conda.anaconda.org/conda-forge/noarch/typing_extensions-3.10.0.0-pyha770c72_0.tar.bz2
https://conda.anaconda.org/conda-forge/noarch/webencodings-0.5.1-py_1.tar.bz2
https://conda.anaconda.org/conda-forge/noarch/wheel-0.36.2-pyhd3deb0d_0.tar.bz2
https://conda.anaconda.org/conda-forge/noarch/zipp-3.4.1-pyhd8ed1ab_0.tar.bz2
https://conda.anaconda.org/conda-forge/linux-64/certifi-2021.5.30-py38h578d9bd_0.tar.bz2
https://conda.anaconda.org/conda-forge/linux-64/cffi-1.14.5-py38ha65f79e_0.tar.bz2
https://conda.anaconda.org/conda-forge/linux-64/chardet-4.0.0-py38h578d9bd_1.tar.bz2
https://conda.anaconda.org/conda-forge/noarch/click-plugins-1.1.1-py_0.tar.bz2
https://conda.anaconda.org/conda-forge/noarch/cligj-0.7.2-pyhd8ed1ab_0.tar.bz2
https://conda.anaconda.org/conda-forge/noarch/clikit-0.6.2-pyh9f0ad1d_0.tar.bz2
https://conda.anaconda.org/conda-forge/linux-64/cytoolz-0.11.0-py38h497a2fe_3.tar.bz2
https://conda.anaconda.org/conda-forge/linux-64/dbus-1.13.6-h48d8840_2.tar.bz2
https://conda.anaconda.org/conda-forge/linux-64/fastavro-1.4.1-py38h497a2fe_0.tar.bz2
https://conda.anaconda.org/conda-forge/linux-64/fastrlock-0.6-py38h709712a_0.tar.bz2
https://conda.anaconda.org/conda-forge/linux-64/geotiff-1.6.0-hcf90da6_5.tar.bz2
https://conda.anaconda.org/conda-forge/linux-64/harfbuzz-2.8.1-h83ec7ef_0.tar.bz2
https://conda.anaconda.org/conda-forge/noarch/html5lib-1.1-pyh9f0ad1d_0.tar.bz2
https://conda.anaconda.org/conda-forge/noarch/importlib-metadata-1.7.0-pyhd8ed1ab_1.tar.bz2
https://conda.anaconda.org/conda-forge/linux-64/kealib-1.4.14-hcc255d8_2.tar.bz2
https://conda.anaconda.org/conda-forge/linux-64/libdap4-3.20.6-hd7c4107_2.tar.bz2
https://conda.anaconda.org/conda-forge/linux-64/libnetcdf-4.7.4-nompi_h56d31a8_107.tar.bz2
https://conda.anaconda.org/conda-forge/linux-64/libspatialite-5.0.1-h20cb978_4.tar.bz2
https://conda.anaconda.org/conda-forge/linux-64/llvmlite-0.36.0-py38h4630a5e_0.tar.bz2
https://conda.anaconda.org/conda-forge/linux-64/markupsafe-2.0.1-py38h497a2fe_0.tar.bz2
https://conda.anaconda.org/conda-forge/linux-64/msgpack-python-1.0.2-py38h1fd1430_1.tar.bz2
https://conda.anaconda.org/conda-forge/linux-64/numpy-1.21.0-py38h9894fe3_0.tar.bz2
https://conda.anaconda.org/conda-forge/linux-64/nvtx-0.2.3-py38h497a2fe_0.tar.bz2
https://conda.anaconda.org/conda-forge/noarch/packaging-20.9-pyh44b312d_0.tar.bz2
https://conda.anaconda.org/conda-forge/noarch/partd-1.2.0-pyhd8ed1ab_0.tar.bz2
https://conda.anaconda.org/conda-forge/noarch/pexpect-4.8.0-pyh9f0ad1d_2.tar.bz2
https://conda.anaconda.org/conda-forge/linux-64/pillow-8.2.0-py38ha0e1e83_1.tar.bz2
https://conda.anaconda.org/conda-forge/linux-64/poppler-21.03.0-h93df280_0.tar.bz2
https://conda.anaconda.org/conda-forge/linux-64/psutil-5.8.0-py38h497a2fe_1.tar.bz2
https://conda.anaconda.org/conda-forge/linux-64/pyrsistent-0.14.11-py38h497a2fe_2.tar.bz2
https://conda.anaconda.org/conda-forge/linux-64/pysocks-1.7.1-py38h578d9bd_3.tar.bz2
https://conda.anaconda.org/conda-forge/noarch/python-dateutil-2.8.1-py_0.tar.bz2
https://conda.anaconda.org/conda-forge/linux-64/pyyaml-5.4.1-py38h497a2fe_0.tar.bz2
https://conda.anaconda.org/conda-forge/linux-64/rtree-0.9.7-py38h02d302b_1.tar.bz2
https://conda.anaconda.org/conda-forge/linux-64/tomlkit-0.7.2-py38h578d9bd_0.tar.bz2
https://conda.anaconda.org/conda-forge/linux-64/tornado-6.1-py38h497a2fe_1.tar.bz2
https://conda.anaconda.org/conda-forge/linux-64/virtualenv-20.4.7-py38h578d9bd_0.tar.bz2
https://conda.anaconda.org/conda-forge/noarch/zict-2.0.0-py_0.tar.bz2
https://conda.anaconda.org/conda-forge/linux-64/arrow-cpp-1.0.1-py38h40c9144_40_cuda.tar.bz2
https://conda.anaconda.org/conda-forge/linux-64/brotlipy-0.7.0-py38h497a2fe_1001.tar.bz2
https://conda.anaconda.org/conda-forge/noarch/cleo-0.8.1-pyh9f0ad1d_1.tar.bz2
https://conda.anaconda.org/conda-forge/linux-64/cryptography-3.4.7-py38ha5dfef3_0.tar.bz2
https://conda.anaconda.org/conda-forge/noarch/dask-core-2021.5.1-pyhd8ed1ab_0.tar.bz2
https://conda.anaconda.org/conda-forge/noarch/importlib_metadata-1.7.0-hd8ed1ab_1.tar.bz2
https://conda.anaconda.org/conda-forge/noarch/jinja2-3.0.1-pyhd8ed1ab_0.tar.bz2
https://conda.anaconda.org/conda-forge/linux-64/libgdal-3.2.2-h928efbf_2.tar.bz2
https://conda.anaconda.org/conda-forge/linux-64/pandas-1.2.5-py38h1abd341_0.tar.bz2
https://conda.anaconda.org/conda-forge/linux-64/pango-1.48.5-hb8ff022_0.tar.bz2
https://conda.anaconda.org/conda-forge/linux-64/pyproj-3.1.0-py38h8eae827_0.tar.bz2
https://conda.anaconda.org/conda-forge/linux-64/qt-5.12.9-hda022c4_4.tar.bz2
https://conda.anaconda.org/conda-forge/linux-64/scipy-1.6.3-py38h7b17777_0.tar.bz2
https://conda.anaconda.org/conda-forge/linux-64/setuptools-49.6.0-py38h578d9bd_3.tar.bz2
https://conda.anaconda.org/conda-forge/linux-64/shapely-1.7.1-py38haeee4fe_5.tar.bz2
https://conda.anaconda.org/rapidsai/linux-64/ucx-py-0.20.0-py38_gcd9efd3_0.tar.bz2
https://conda.anaconda.org/conda-forge/linux-64/bokeh-2.3.2-py38h578d9bd_0.tar.bz2
https://conda.anaconda.org/conda-forge/linux-64/cupy-9.1.0-py38ha69542f_0.tar.bz2
https://conda.anaconda.org/conda-forge/linux-64/distributed-2021.5.1-py38h578d9bd_0.tar.bz2
https://conda.anaconda.org/conda-forge/linux-64/gdal-3.2.2-py38h507a4fd_2.tar.bz2
https://conda.anaconda.org/conda-forge/linux-64/gtk2-2.24.33-h539f30e_1.tar.bz2
https://conda.anaconda.org/conda-forge/noarch/joblib-1.0.1-pyhd8ed1ab_0.tar.bz2
https://conda.anaconda.org/conda-forge/noarch/jsonschema-3.2.0-pyhd8ed1ab_3.tar.bz2
https://conda.anaconda.org/rapidsai/linux-64/libcudf-21.06.01-cuda11.2_g101fc0fda4_2.tar.bz2
https://conda.anaconda.org/conda-forge/linux-64/librsvg-2.50.7-hc3c00ef_0.tar.bz2
https://conda.anaconda.org/conda-forge/noarch/munch-2.5.0-py_0.tar.bz2
https://conda.anaconda.org/conda-forge/linux-64/numba-0.53.1-py38h8b71fd7_1.tar.bz2
https://conda.anaconda.org/conda-forge/noarch/parquet-cpp-1.5.1-2.tar.bz2
https://conda.anaconda.org/conda-forge/noarch/pip-21.1.2-pyhd8ed1ab_0.tar.bz2
https://conda.anaconda.org/conda-forge/noarch/poetry-core-1.0.3-pyhd8ed1ab_0.tar.bz2
https://conda.anaconda.org/conda-forge/linux-64/protobuf-3.16.0-py38h709712a_0.tar.bz2
https://conda.anaconda.org/conda-forge/noarch/pyopenssl-20.0.1-pyhd8ed1ab_0.tar.bz2
https://conda.anaconda.org/conda-forge/linux-64/secretstorage-3.3.1-py38h578d9bd_0.tar.bz2
https://conda.anaconda.org/conda-forge/linux-64/treelite-1.3.0-py38hd08a91b_0.tar.bz2
# no URL for: treelite_runtime-1.3.0-py3.8.egg-info
https://conda.anaconda.org/conda-forge/noarch/dask-2021.5.1-pyhd8ed1ab_0.tar.bz2
https://conda.anaconda.org/conda-forge/linux-64/fiona-1.8.20-py38hdb5a769_0.tar.bz2
https://conda.anaconda.org/conda-forge/linux-64/gnuplot-5.4.1-hec6539f_2.tar.bz2
https://conda.anaconda.org/conda-forge/linux-64/graphviz-2.47.3-h85b4f2f_0.tar.bz2
https://conda.anaconda.org/conda-forge/linux-64/keyring-21.2.1-py38h578d9bd_0.tar.bz2
https://conda.anaconda.org/rapidsai/linux-64/libcuspatial-21.06.00-cuda11.2_g37798cd_0.tar.bz2
https://conda.anaconda.org/conda-forge/linux-64/pyarrow-1.0.1-py38hb53058b_40_cuda.tar.bz2
https://conda.anaconda.org/rapidsai/linux-64/rmm-21.06.00-cuda_11.2_py38_gee432a0_0.tar.bz2
https://conda.anaconda.org/conda-forge/noarch/urllib3-1.26.5-pyhd8ed1ab_0.tar.bz2
https://conda.anaconda.org/rapidsai/linux-64/cudf-21.06.01-cuda_11.2_py38_g101fc0fda4_2.tar.bz2
https://conda.anaconda.org/conda-forge/noarch/geopandas-0.9.0-pyhd8ed1ab_0.tar.bz2
https://conda.anaconda.org/conda-forge/linux-64/graphicsmagick-1.3.35-h2852e03_2.tar.bz2
https://conda.anaconda.org/conda-forge/noarch/requests-2.25.1-pyhd3deb0d_0.tar.bz2
https://conda.anaconda.org/conda-forge/noarch/cachecontrol-0.12.6-py_0.tar.bz2
https://conda.anaconda.org/rapidsai/linux-64/cuspatial-21.06.00-py38_g37798cd_0.tar.bz2
https://conda.anaconda.org/rapidsai/linux-64/dask-cudf-21.06.01-py38_g101fc0fda4_2.tar.bz2
https://conda.anaconda.org/conda-forge/label/dev/linux-64/gmt-6.2.0.dev12+922af84-hdd05284_0.tar.bz2
https://conda.anaconda.org/rapidsai/linux-64/libcuml-21.06.02-cuda11.2_g7dfbf8d9e_0.tar.bz2
https://conda.anaconda.org/conda-forge/noarch/requests-toolbelt-0.9.1-py_0.tar.bz2
https://conda.anaconda.org/rapidsai/linux-64/cuml-21.06.02-cuda11.2_py38_g7dfbf8d9e_0.tar.bz2
https://conda.anaconda.org/conda-forge/linux-64/poetry-1.1.6-py38h578d9bd_0.tar.bz2
